// !$*UTF8*$!
{
	archiveVersion = 1;
	classes = {
	};
	objectVersion = 56;
	objects = {

/* Begin PBXBuildFile section */
		F5F6430992FF4C36B547C19C /* NexusApp.swift in Sources */ = {isa = PBXBuildFile; fileRef = DD181492027847B1B80BC03A /* NexusApp.swift */; };
		9AFE43A3B43F4F25A0E640A0 /* Models.swift in Sources */ = {isa = PBXBuildFile; fileRef = 41F9EC11B8E044B986DD8297 /* Models.swift */; };
		F8D4AF3FD1074F868675BF0A /* APIClient.swift in Sources */ = {isa = PBXBuildFile; fileRef = 5CEA29C663F74E05A5016150 /* APIClient.swift */; };
		91F0C773A44F4CB6AC4D7F21 /* NexusSocket.swift in Sources */ = {isa = PBXBuildFile; fileRef = 6956F64AE77847EE8C9366D9 /* NexusSocket.swift */; };
		F3918331D33C4C2E8A813993 /* SessionStore.swift in Sources */ = {isa = PBXBuildFile; fileRef = 253C9D65D86647B7B4A4EB1D /* SessionStore.swift */; };
		87E2DD693D20411FA70CD41D /* RootView.swift in Sources */ = {isa = PBXBuildFile; fileRef = EADA6346DB5B4E72AD8F6882 /* RootView.swift */; };
		808CF5CF466C4A69BE35A473 /* LoginView.swift in Sources */ = {isa = PBXBuildFile; fileRef = 71894208694447608D36A060 /* LoginView.swift */; };
		7A59D5DA020A4D92885711F4 /* MainTabView.swift in Sources */ = {isa = PBXBuildFile; fileRef = F54976E09AEE40FE91241CA9 /* MainTabView.swift */; };
		80887FE918014C3997267F3C /* ServerListView.swift in Sources */ = {isa = PBXBuildFile; fileRef = 5DAB6B693D0C4FBCB32E4DEA /* ServerListView.swift */; };
		94A9995E5D894FEFB5611201 /* ChannelListView.swift in Sources */ = {isa = PBXBuildFile; fileRef = 4CFBCBC6BDDC47658D9096D0 /* ChannelListView.swift */; };
		114F5CDEB4BA482181FFBDFF /* ChannelMessagesView.swift in Sources */ = {isa = PBXBuildFile; fileRef = C18C1480DD7744DBB980C19F /* ChannelMessagesView.swift */; };
		67B096E919674FD389518C8B /* MembersView.swift in Sources */ = {isa = PBXBuildFile; fileRef = 48E663B3101E426296036109 /* MembersView.swift */; };
		6AADAD29E9064F07BB812FF0 /* DMListView.swift in Sources */ = {isa = PBXBuildFile; fileRef = 21C6BCE9202047F4827FBE78 /* DMListView.swift */; };
		C3641660F2FF4C7A84E9AEF6 /* AccountView.swift in Sources */ = {isa = PBXBuildFile; fileRef = C0177414CAEA4B23B1D7357A /* AccountView.swift */; };
		9F8C11A2F49640A3A3828CEE /* GifPickerView.swift in Sources */ = {isa = PBXBuildFile; fileRef = 59355A05F41E4C27A23790A9 /* GifPickerView.swift */; };
		349141E7311345FB883D2512 /* PollComposerView.swift in Sources */ = {isa = PBXBuildFile; fileRef = F74AD1CA0B474112AE986947 /* PollComposerView.swift */; };
		60CE2AF716BD48069A288711 /* Assets.xcassets in Resources */ = {isa = PBXBuildFile; fileRef = E61DD629AE534379BB2733C2 /* Assets.xcassets */; };
		F5F75DA0C597450B89537893 /* Preview Assets.xcassets in Resources */ = {isa = PBXBuildFile; fileRef = 01282FCE85804C669C101DD7 /* Preview Assets.xcassets */; };
/* End PBXBuildFile section */

/* Begin PBXFileReference section */
		DD181492027847B1B80BC03A /* NexusApp.swift */ = {isa = PBXFileReference; lastKnownFileType = sourcecode.swift; path = NexusApp.swift; sourceTree = "<group>"; };
		41F9EC11B8E044B986DD8297 /* Models.swift */ = {isa = PBXFileReference; lastKnownFileType = sourcecode.swift; path = Models.swift; sourceTree = "<group>"; };
		5CEA29C663F74E05A5016150 /* APIClient.swift */ = {isa = PBXFileReference; lastKnownFileType = sourcecode.swift; path = APIClient.swift; sourceTree = "<group>"; };
		6956F64AE77847EE8C9366D9 /* NexusSocket.swift */ = {isa = PBXFileReference; lastKnownFileType = sourcecode.swift; path = NexusSocket.swift; sourceTree = "<group>"; };
		253C9D65D86647B7B4A4EB1D /* SessionStore.swift */ = {isa = PBXFileReference; lastKnownFileType = sourcecode.swift; path = SessionStore.swift; sourceTree = "<group>"; };
		EADA6346DB5B4E72AD8F6882 /* RootView.swift */ = {isa = PBXFileReference; lastKnownFileType = sourcecode.swift; path = RootView.swift; sourceTree = "<group>"; };
		71894208694447608D36A060 /* LoginView.swift */ = {isa = PBXFileReference; lastKnownFileType = sourcecode.swift; path = LoginView.swift; sourceTree = "<group>"; };
		F54976E09AEE40FE91241CA9 /* MainTabView.swift */ = {isa = PBXFileReference; lastKnownFileType = sourcecode.swift; path = MainTabView.swift; sourceTree = "<group>"; };
		5DAB6B693D0C4FBCB32E4DEA /* ServerListView.swift */ = {isa = PBXFileReference; lastKnownFileType = sourcecode.swift; path = ServerListView.swift; sourceTree = "<group>"; };
		4CFBCBC6BDDC47658D9096D0 /* ChannelListView.swift */ = {isa = PBXFileReference; lastKnownFileType = sourcecode.swift; path = ChannelListView.swift; sourceTree = "<group>"; };
		C18C1480DD7744DBB980C19F /* ChannelMessagesView.swift */ = {isa = PBXFileReference; lastKnownFileType = sourcecode.swift; path = ChannelMessagesView.swift; sourceTree = "<group>"; };
		48E663B3101E426296036109 /* MembersView.swift */ = {isa = PBXFileReference; lastKnownFileType = sourcecode.swift; path = MembersView.swift; sourceTree = "<group>"; };
		21C6BCE9202047F4827FBE78 /* DMListView.swift */ = {isa = PBXFileReference; lastKnownFileType = sourcecode.swift; path = DMListView.swift; sourceTree = "<group>"; };
		C0177414CAEA4B23B1D7357A /* AccountView.swift */ = {isa = PBXFileReference; lastKnownFileType = sourcecode.swift; path = AccountView.swift; sourceTree = "<group>"; };
		59355A05F41E4C27A23790A9 /* GifPickerView.swift */ = {isa = PBXFileReference; lastKnownFileType = sourcecode.swift; path = GifPickerView.swift; sourceTree = "<group>"; };
		F74AD1CA0B474112AE986947 /* PollComposerView.swift */ = {isa = PBXFileReference; lastKnownFileType = sourcecode.swift; path = PollComposerView.swift; sourceTree = "<group>"; };
		E61DD629AE534379BB2733C2 /* Assets.xcassets */ = {isa = PBXFileReference; lastKnownFileType = folder.assetcatalog; path = Assets.xcassets; sourceTree = "<group>"; };
		01282FCE85804C669C101DD7 /* Preview Assets.xcassets */ = {isa = PBXFileReference; lastKnownFileType = folder.assetcatalog; path = "Preview Assets.xcassets"; sourceTree = "<group>"; };
		65775C68130B4CDF9FBCB8CA /* Nexus.app */ = {isa = PBXFileReference; explicitFileType = wrapper.application; includeInIndex = 0; path = Nexus.app; sourceTree = BUILT_PRODUCTS_DIR; };
/* End PBXFileReference section */

/* Begin PBXFrameworksBuildPhase section */
		182B689CC1F8476095049885 /* Frameworks */ = {
			isa = PBXFrameworksBuildPhase;
			buildActionMask = 2147483647;
			files = (
			);
			runOnlyForDeploymentPostprocessing = 0;
		};
/* End PBXFrameworksBuildPhase section */

/* Begin PBXGroup section */
		A8B126E15DD14FAAB13B478F = {
			isa = PBXGroup;
			children = (
				AD739269DA0745FF991B14E5 /* Nexus */,
				57D153B713574BEBA23BFF1F /* Products */,
			);
			sourceTree = "<group>";
		};
		57D153B713574BEBA23BFF1F /* Products */ = {
			isa = PBXGroup;
			children = (
				65775C68130B4CDF9FBCB8CA /* Nexus.app */,
			);
			name = Products;
			sourceTree = "<group>";
		};
		AD739269DA0745FF991B14E5 /* Nexus */ = {
			isa = PBXGroup;
			children = (DD181492027847B1B80BC03A /* NexusApp.swift */, 41F9EC11B8E044B986DD8297 /* Models.swift */, 5CEA29C663F74E05A5016150 /* APIClient.swift */, 6956F64AE77847EE8C9366D9 /* NexusSocket.swift */, 253C9D65D86647B7B4A4EB1D /* SessionStore.swift */, EADA6346DB5B4E72AD8F6882 /* RootView.swift */, 71894208694447608D36A060 /* LoginView.swift */, F54976E09AEE40FE91241CA9 /* MainTabView.swift */, 5DAB6B693D0C4FBCB32E4DEA /* ServerListView.swift */, 4CFBCBC6BDDC47658D9096D0 /* ChannelListView.swift */, C18C1480DD7744DBB980C19F /* ChannelMessagesView.swift */, 48E663B3101E426296036109 /* MembersView.swift */, 21C6BCE9202047F4827FBE78 /* DMListView.swift */, C0177414CAEA4B23B1D7357A /* AccountView.swift */, 59355A05F41E4C27A23790A9 /* GifPickerView.swift */, F74AD1CA0B474112AE986947 /* PollComposerView.swift */, EAB0654DA5FF4FC286C54048 /* Assets.xcassets */, 3DE9C99174E64806BB0E8F04 /* Preview Content */);
			path = Nexus;
			sourceTree = "<group>";
		};
		EAB0654DA5FF4FC286C54048 /* Assets.xcassets */ = {
			isa = PBXGroup;
			children = (
				E61DD629AE534379BB2733C2 /* Assets.xcassets */,
			);
			name = Assets.xcassets;
			sourceTree = "<group>";
		};
		3DE9C99174E64806BB0E8F04 /* Preview Content */ = {
			isa = PBXGroup;
			children = (
				01282FCE85804C669C101DD7 /* Preview Assets.xcassets */,
			);
			path = "Preview Content";
			sourceTree = "<group>";
		};
/* End PBXGroup section */

/* Begin PBXNativeTarget section */
		A9FA37D4F0824B14ADFCE3FD /* Nexus */ = {
			isa = PBXNativeTarget;
			buildConfigurationList = 7F23EFAAD36F4D4FA59B355C /* Build configuration list for PBXNativeTarget "Nexus" */;
			buildPhases = (
				E7F6C607CBB748A4BA914679 /* Sources */,
				182B689CC1F8476095049885 /* Frameworks */,
				E8836884A40D40838AEE4DD7 /* Resources */,
			);
			buildRules = (
			);
			dependencies = (
			);
			name = Nexus;
			productName = Nexus;
			productReference = 65775C68130B4CDF9FBCB8CA /* Nexus.app */;
			productType = "com.apple.product-type.application";
		};
/* End PBXNativeTarget section */

/* Begin PBXProject section */
		8E659E57DDC54ACEB61D4972 /* Project object */ = {
			isa = PBXProject;
			attributes = {
				BuildIndependentTargetsInParallel = 1;
				LastSwiftUpdateCheck = 1620;
				LastUpgradeCheck = 1620;
				TargetAttributes = {
					A9FA37D4F0824B14ADFCE3FD = {
						CreatedOnToolsVersion = 16.2;
					};
				};
			};
			buildConfigurationList = A1AD2EAAA9484CBE870C5C32 /* Build configuration list for PBXProject "Nexus" */;
			compatibilityVersion = "Xcode 15.0";
			developmentRegion = en;
			hasScannedForEncodings = 0;
			knownRegions = (
				en,
				Base,
			);
			mainGroup = A8B126E15DD14FAAB13B478F;
			productRefGroup = 57D153B713574BEBA23BFF1F /* Products */;
			projectDirPath = "";
			projectRoot = "";
			targets = (
				A9FA37D4F0824B14ADFCE3FD /* Nexus */,
			);
		};
/* End PBXProject section */

/* Begin PBXResourcesBuildPhase section */
		E8836884A40D40838AEE4DD7 /* Resources */ = {
			isa = PBXResourcesBuildPhase;
			buildActionMask = 2147483647;
			files = (
				F5F75DA0C597450B89537893 /* Preview Assets.xcassets in Resources */,
				60CE2AF716BD48069A288711 /* Assets.xcassets in Resources */,
			);
			runOnlyForDeploymentPostprocessing = 0;
		};
/* End PBXResourcesBuildPhase section */

/* Begin PBXSourcesBuildPhase section */
		E7F6C607CBB748A4BA914679 /* Sources */ = {
			isa = PBXSourcesBuildPhase;
			buildActionMask = 2147483647;
			files = (
				F5F6430992FF4C36B547C19C /* NexusApp.swift in Sources */,
				9AFE43A3B43F4F25A0E640A0 /* Models.swift in Sources */,
				F8D4AF3FD1074F868675BF0A /* APIClient.swift in Sources */,
				91F0C773A44F4CB6AC4D7F21 /* NexusSocket.swift in Sources */,
				F3918331D33C4C2E8A813993 /* SessionStore.swift in Sources */,
				87E2DD693D20411FA70CD41D /* RootView.swift in Sources */,
				808CF5CF466C4A69BE35A473 /* LoginView.swift in Sources */,
				7A59D5DA020A4D92885711F4 /* MainTabView.swift in Sources */,
				80887FE918014C3997267F3C /* ServerListView.swift in Sources */,
				94A9995E5D894FEFB5611201 /* ChannelListView.swift in Sources */,
				114F5CDEB4BA482181FFBDFF /* ChannelMessagesView.swift in Sources */,
				67B096E919674FD389518C8B /* MembersView.swift in Sources */,
				6AADAD29E9064F07BB812FF0 /* DMListView.swift in Sources */,
				C3641660F2FF4C7A84E9AEF6 /* AccountView.swift in Sources */,
				9F8C11A2F49640A3A3828CEE /* GifPickerView.swift in Sources */,
				349141E7311345FB883D2512 /* PollComposerView.swift in Sources */,
			);
			runOnlyForDeploymentPostprocessing = 0;
		};
/* End PBXSourcesBuildPhase section */

/* Begin XCBuildConfiguration section */
		369DA87B9DCC4573B6986892 /* Debug */ = {
			isa = XCBuildConfiguration;
			buildSettings = {
				ALWAYS_SEARCH_USER_PATHS = NO;
				CLANG_ANALYZER_NONNULL = YES;
				CLANG_ANALYZER_NUMBER_OBJECT_CONVERSION = YES_AGGRESSIVE;
				CLANG_CXX_LANGUAGE_STANDARD = "gnu++20";
				CLANG_ENABLE_MODULES = YES;
				CLANG_ENABLE_OBJC_ARC = YES;
				CLANG_ENABLE_OBJC_WEAK = YES;
				CLANG_WARN_BLOCK_CAPTURE_AUTORELEASING = YES;
				CLANG_WARN_BOOL_CONVERSION = YES;
				CLANG_WARN_COMMA = YES;
				CLANG_WARN_CONSTANT_CONVERSION = YES;
				CLANG_WARN_DEPRECATED_OBJC_IMPLEMENTATIONS = YES;
				CLANG_WARN_DIRECT_OBJC_ISA_USAGE = YES_ERROR;
				CLANG_WARN_DOCUMENTATION_COMMENTS = YES;
				CLANG_WARN_EMPTY_BODY = YES;
				CLANG_WARN_ENUM_CONVERSION = YES;
				CLANG_WARN_INFINITE_RECURSION = YES;
				CLANG_WARN_INT_CONVERSION = YES;
				CLANG_WARN_NON_LITERAL_NULL_CONVERSION = YES;
				CLANG_WARN_OBJC_IMPLICIT_RETAIN_SELF = YES;
				CLANG_WARN_OBJC_LITERAL_CONVERSION = YES;
				CLANG_WARN_OBJC_ROOT_CLASS = YES_ERROR;
				CLANG_WARN_QUOTED_INCLUDE_IN_FRAMEWORK_HEADER = YES;
				CLANG_WARN_RANGE_LOOP_ANALYSIS = YES;
				CLANG_WARN_STRICT_PROTOTYPES = YES;
				CLANG_WARN_SUSPICIOUS_MOVE = YES;
				CLANG_WARN_UNGUARDED_AVAILABILITY = YES_AGGRESSIVE;
				CLANG_WARN_UNREACHABLE_CODE = YES;
				CLANG_WARN__DUPLICATE_METHOD_MATCH = YES;
				COPY_PHASE_STRIP = NO;
				DEBUG_INFORMATION_FORMAT = dwarf;
				ENABLE_STRICT_OBJC_MSGSEND = YES;
				ENABLE_TESTABILITY = YES;
				GCC_C_LANGUAGE_STANDARD = gnu17;
				GCC_DYNAMIC_NO_PIC = NO;
				GCC_NO_COMMON_BLOCKS = YES;
				GCC_OPTIMIZATION_LEVEL = 0;
				GCC_PREPROCESSOR_DEFINITIONS = (
					"DEBUG=1",
					"$(inherited)",
				);
				GCC_WARN_64_TO_32_BIT_CONVERSION = YES;
				GCC_WARN_ABOUT_RETURN_TYPE = YES_ERROR;
				GCC_WARN_UNDECLARED_SELECTOR = YES;
				GCC_WARN_UNINITIALIZED_AUTOS = YES_AGGRESSIVE;
				GCC_WARN_UNUSED_FUNCTION = YES;
				GCC_WARN_UNUSED_VARIABLE = YES;
				IPHONEOS_DEPLOYMENT_TARGET = 26.0;
				MTL_ENABLE_DEBUG_INFO = INCLUDE_SOURCE;
				MTL_FAST_MATH = YES;
				ONLY_ACTIVE_ARCH = YES;
				SDKROOT = iphoneos;
				SWIFT_ACTIVE_COMPILATION_CONDITIONS = "DEBUG $(inherited)";
				SWIFT_OPTIMIZATION_LEVEL = "-Onone";
				SWIFT_VERSION = 6.0;
			};
			name = Debug;
		};
		4AF6453C0B5C448E98F1D8FB /* Release */ = {
			isa = XCBuildConfiguration;
			buildSettings = {
				ALWAYS_SEARCH_USER_PATHS = NO;
				CLANG_ANALYZER_NONNULL = YES;
				CLANG_ANALYZER_NUMBER_OBJECT_CONVERSION = YES_AGGRESSIVE;
				CLANG_CXX_LANGUAGE_STANDARD = "gnu++20";
				CLANG_ENABLE_MODULES = YES;
				CLANG_ENABLE_OBJC_ARC = YES;
				CLANG_ENABLE_OBJC_WEAK = YES;
				CLANG_WARN_BLOCK_CAPTURE_AUTORELEASING = YES;
				CLANG_WARN_BOOL_CONVERSION = YES;
				CLANG_WARN_COMMA = YES;
				CLANG_WARN_CONSTANT_CONVERSION = YES;
				CLANG_WARN_DEPRECATED_OBJC_IMPLEMENTATIONS = YES;
				CLANG_WARN_DIRECT_OBJC_ISA_USAGE = YES_ERROR;
				CLANG_WARN_DOCUMENTATION_COMMENTS = YES;
				CLANG_WARN_EMPTY_BODY = YES;
				CLANG_WARN_ENUM_CONVERSION = YES;
				CLANG_WARN_INFINITE_RECURSION = YES;
				CLANG_WARN_INT_CONVERSION = YES;
				CLANG_WARN_NON_LITERAL_NULL_CONVERSION = YES;
				CLANG_WARN_OBJC_IMPLICIT_RETAIN_SELF = YES;
				CLANG_WARN_OBJC_LITERAL_CONVERSION = YES;
				CLANG_WARN_OBJC_ROOT_CLASS = YES_ERROR;
				CLANG_WARN_QUOTED_INCLUDE_IN_FRAMEWORK_HEADER = YES;
				CLANG_WARN_RANGE_LOOP_ANALYSIS = YES;
				CLANG_WARN_STRICT_PROTOTYPES = YES;
				CLANG_WARN_SUSPICIOUS_MOVE = YES;
				CLANG_WARN_UNGUARDED_AVAILABILITY = YES_AGGRESSIVE;
				CLANG_WARN_UNREACHABLE_CODE = YES;
				CLANG_WARN__DUPLICATE_METHOD_MATCH = YES;
				COPY_PHASE_STRIP = NO;
				DEBUG_INFORMATION_FORMAT = "dwarf-with-dsym";
				ENABLE_NS_ASSERTIONS = NO;
				ENABLE_STRICT_OBJC_MSGSEND = YES;
				GCC_C_LANGUAGE_STANDARD = gnu17;
				GCC_NO_COMMON_BLOCKS = YES;
				GCC_WARN_64_TO_32_BIT_CONVERSION = YES;
				GCC_WARN_ABOUT_RETURN_TYPE = YES_ERROR;
				GCC_WARN_UNDECLARED_SELECTOR = YES;
				GCC_WARN_UNINITIALIZED_AUTOS = YES_AGGRESSIVE;
				GCC_WARN_UNUSED_FUNCTION = YES;
				GCC_WARN_UNUSED_VARIABLE = YES;
				IPHONEOS_DEPLOYMENT_TARGET = 26.0;
				MTL_ENABLE_DEBUG_INFO = NO;
				MTL_FAST_MATH = YES;
				SDKROOT = iphoneos;
				SWIFT_COMPILATION_MODE = wholemodule;
				SWIFT_VERSION = 6.0;
				VALIDATE_PRODUCT = YES;
			};
			name = Release;
		};
		D27D82E8AEE64067B7D0D853 /* Debug */ = {
			isa = XCBuildConfiguration;
			buildSettings = {
				ASSETCATALOG_COMPILER_APPICON_NAME = AppIcon;
				ASSETCATALOG_COMPILER_GLOBAL_ACCENT_COLOR_NAME = AccentColor;
				CODE_SIGN_STYLE = Automatic;
				CURRENT_PROJECT_VERSION = 1;
				DEVELOPMENT_ASSET_PATHS = "\"Nexus/Preview Content\"";
				ENABLE_PREVIEWS = YES;
				GENERATE_INFOPLIST_FILE = YES;
				INFOPLIST_KEY_UIApplicationSceneManifest_Generation = YES;
				INFOPLIST_KEY_UIApplicationSupportsIndirectInputEvents = YES;
				INFOPLIST_KEY_UILaunchScreen_Generation = YES;
				INFOPLIST_KEY_UIStatusBarStyle = UIStatusBarStyleDefault;
				INFOPLIST_KEY_UISupportedInterfaceOrientations_iPhone = "UIInterfaceOrientationPortrait UIInterfaceOrientationLandscapeLeft UIInterfaceOrientationLandscapeRight";
				INFOPLIST_KEY_UISupportedInterfaceOrientations_iPad = "UIInterfaceOrientationPortrait UIInterfaceOrientationPortraitUpsideDown UIInterfaceOrientationLandscapeLeft UIInterfaceOrientationLandscapeRight";
				INFOPLIST_KEY_CFBundleDisplayName = Nexus;
				IPHONEOS_DEPLOYMENT_TARGET = 26.0;
				LD_RUNPATH_SEARCH_PATHS = (
					"$(inherited)",
					"@executable_path/Frameworks",
				);
				MARKETING_VERSION = 1.0;
				PRODUCT_BUNDLE_IDENTIFIER = "com.luishae.nexus";
				PRODUCT_NAME = "$(TARGET_NAME)";
				SWIFT_EMIT_LOC_STRINGS = YES;
				SWIFT_VERSION = 6.0;
				TARGETED_DEVICE_FAMILY = "1,2";
			};
			name = Debug;
		};
		A40346B39A874CC8A252B0F1 /* Release */ = {
			isa = XCBuildConfiguration;
			buildSettings = {
				ASSETCATALOG_COMPILER_APPICON_NAME = AppIcon;
				ASSETCATALOG_COMPILER_GLOBAL_ACCENT_COLOR_NAME = AccentColor;
				CODE_SIGN_STYLE = Automatic;
				CURRENT_PROJECT_VERSION = 1;
				DEVELOPMENT_ASSET_PATHS = "\"Nexus/Preview Content\"";
				ENABLE_PREVIEWS = YES;
				GENERATE_INFOPLIST_FILE = YES;
				INFOPLIST_KEY_UIApplicationSceneManifest_Generation = YES;
				INFOPLIST_KEY_UIApplicationSupportsIndirectInputEvents = YES;
				INFOPLIST_KEY_UILaunchScreen_Generation = YES;
				INFOPLIST_KEY_UIStatusBarStyle = UIStatusBarStyleDefault;
				INFOPLIST_KEY_UISupportedInterfaceOrientations_iPhone = "UIInterfaceOrientationPortrait UIInterfaceOrientationLandscapeLeft UIInterfaceOrientationLandscapeRight";
				INFOPLIST_KEY_UISupportedInterfaceOrientations_iPad = "UIInterfaceOrientationPortrait UIInterfaceOrientationPortraitUpsideDown UIInterfaceOrientationLandscapeLeft UIInterfaceOrientationLandscapeRight";
				INFOPLIST_KEY_CFBundleDisplayName = Nexus;
				IPHONEOS_DEPLOYMENT_TARGET = 26.0;
				LD_RUNPATH_SEARCH_PATHS = (
					"$(inherited)",
					"@executable_path/Frameworks",
				);
				MARKETING_VERSION = 1.0;
				PRODUCT_BUNDLE_IDENTIFIER = "com.luishae.nexus";
				PRODUCT_NAME = "$(TARGET_NAME)";
				SWIFT_EMIT_LOC_STRINGS = YES;
				SWIFT_VERSION = 6.0;
				TARGETED_DEVICE_FAMILY = "1,2";
			};
			name = Release;
		};
/* End XCBuildConfiguration section */

/* Begin XCConfigurationList section */
		A1AD2EAAA9484CBE870C5C32 /* Build configuration list for PBXProject "Nexus" */ = {
			isa = XCConfigurationList;
			buildConfigurations = (
				369DA87B9DCC4573B6986892 /* Debug */,
				4AF6453C0B5C448E98F1D8FB /* Release */,
			);
			defaultConfigurationIsVisible = 0;
			defaultConfigurationName = Release;
		};
		7F23EFAAD36F4D4FA59B355C /* Build configuration list for PBXNativeTarget "Nexus" */ = {
			isa = XCConfigurationList;
			buildConfigurations = (
				D27D82E8AEE64067B7D0D853 /* Debug */,
				A40346B39A874CC8A252B0F1 /* Release */,
			);
			defaultConfigurationIsVisible = 0;
			defaultConfigurationName = Release;
		};
/* End XCConfigurationList section */
	};
	rootObject = 8E659E57DDC54ACEB61D4972 /* Project object */;
}
