// !$*UTF8*$!
{
	archiveVersion = 1;
	classes = {
	};
	objectVersion = 56;
	objects = {

/* Begin PBXBuildFile section */
		B2DF2DDF9882477AA83EC13A /* NexusApp.swift in Sources */ = {isa = PBXBuildFile; fileRef = 43CFEE1E63124F61927C05F8 /* NexusApp.swift */; };
		38BE3FBDD5064F3D809C10EE /* Models.swift in Sources */ = {isa = PBXBuildFile; fileRef = 033F3569DB954F54AB25A248 /* Models.swift */; };
		133B92F869DA45E3ACF73167 /* APIClient.swift in Sources */ = {isa = PBXBuildFile; fileRef = C06443A9E26A4E4D8724BC99 /* APIClient.swift */; };
		C052F2A1BCAC46CC87648A83 /* NexusSocket.swift in Sources */ = {isa = PBXBuildFile; fileRef = C9DB997A9DF94EE1B502F645 /* NexusSocket.swift */; };
		47C201E997244BB490F0FFCA /* SessionStore.swift in Sources */ = {isa = PBXBuildFile; fileRef = 0FD94A95DAB645CBAAEAA7BA /* SessionStore.swift */; };
		725D5FB7C673403796684F93 /* RootView.swift in Sources */ = {isa = PBXBuildFile; fileRef = 65ED57FCA7E44CDAB7EA9E68 /* RootView.swift */; };
		0B098D09AEC04D639D324B93 /* LoginView.swift in Sources */ = {isa = PBXBuildFile; fileRef = 5EC97E0A7D8A4C74B568A5BB /* LoginView.swift */; };
		82C8F636E9414EA88B963A13 /* MainTabView.swift in Sources */ = {isa = PBXBuildFile; fileRef = 3A689DE512904F01A0C1F938 /* MainTabView.swift */; };
		A4F0342CB7D5496B9D81C667 /* ServerListView.swift in Sources */ = {isa = PBXBuildFile; fileRef = 24ACA68DA4164F9D82BFB2E4 /* ServerListView.swift */; };
		1E73E01050F647EC9CBB5773 /* ChannelListView.swift in Sources */ = {isa = PBXBuildFile; fileRef = 886F5153280145EB8D317CA8 /* ChannelListView.swift */; };
		2681A7901A1844B79A8BA1C7 /* ChannelMessagesView.swift in Sources */ = {isa = PBXBuildFile; fileRef = 771611C90F0F4B2E86C4C0E2 /* ChannelMessagesView.swift */; };
		41432EB620D24DF3828830CB /* MembersView.swift in Sources */ = {isa = PBXBuildFile; fileRef = CFE012A0A772490D8D12B2A5 /* MembersView.swift */; };
		640779B8E276403580A2B809 /* DMListView.swift in Sources */ = {isa = PBXBuildFile; fileRef = ECD46D1C2F0746CE9A9CDF40 /* DMListView.swift */; };
		ADC3161B26324DF6B38C95AC /* AccountView.swift in Sources */ = {isa = PBXBuildFile; fileRef = BA1B00170D6443FDA433147B /* AccountView.swift */; };
		6BFDF982AA2643CCB847C73C /* Assets.xcassets in Resources */ = {isa = PBXBuildFile; fileRef = CB3995C3BF2C46138F6C8F4B /* Assets.xcassets */; };
		98E61C25C03A4F288831418F /* Preview Assets.xcassets in Resources */ = {isa = PBXBuildFile; fileRef = 51590CBC93FF483CB00F0383 /* Preview Assets.xcassets */; };
/* End PBXBuildFile section */

/* Begin PBXFileReference section */
		43CFEE1E63124F61927C05F8 /* NexusApp.swift */ = {isa = PBXFileReference; lastKnownFileType = sourcecode.swift; path = NexusApp.swift; sourceTree = "<group>"; };
		033F3569DB954F54AB25A248 /* Models.swift */ = {isa = PBXFileReference; lastKnownFileType = sourcecode.swift; path = Models.swift; sourceTree = "<group>"; };
		C06443A9E26A4E4D8724BC99 /* APIClient.swift */ = {isa = PBXFileReference; lastKnownFileType = sourcecode.swift; path = APIClient.swift; sourceTree = "<group>"; };
		C9DB997A9DF94EE1B502F645 /* NexusSocket.swift */ = {isa = PBXFileReference; lastKnownFileType = sourcecode.swift; path = NexusSocket.swift; sourceTree = "<group>"; };
		0FD94A95DAB645CBAAEAA7BA /* SessionStore.swift */ = {isa = PBXFileReference; lastKnownFileType = sourcecode.swift; path = SessionStore.swift; sourceTree = "<group>"; };
		65ED57FCA7E44CDAB7EA9E68 /* RootView.swift */ = {isa = PBXFileReference; lastKnownFileType = sourcecode.swift; path = RootView.swift; sourceTree = "<group>"; };
		5EC97E0A7D8A4C74B568A5BB /* LoginView.swift */ = {isa = PBXFileReference; lastKnownFileType = sourcecode.swift; path = LoginView.swift; sourceTree = "<group>"; };
		3A689DE512904F01A0C1F938 /* MainTabView.swift */ = {isa = PBXFileReference; lastKnownFileType = sourcecode.swift; path = MainTabView.swift; sourceTree = "<group>"; };
		24ACA68DA4164F9D82BFB2E4 /* ServerListView.swift */ = {isa = PBXFileReference; lastKnownFileType = sourcecode.swift; path = ServerListView.swift; sourceTree = "<group>"; };
		886F5153280145EB8D317CA8 /* ChannelListView.swift */ = {isa = PBXFileReference; lastKnownFileType = sourcecode.swift; path = ChannelListView.swift; sourceTree = "<group>"; };
		771611C90F0F4B2E86C4C0E2 /* ChannelMessagesView.swift */ = {isa = PBXFileReference; lastKnownFileType = sourcecode.swift; path = ChannelMessagesView.swift; sourceTree = "<group>"; };
		CFE012A0A772490D8D12B2A5 /* MembersView.swift */ = {isa = PBXFileReference; lastKnownFileType = sourcecode.swift; path = MembersView.swift; sourceTree = "<group>"; };
		ECD46D1C2F0746CE9A9CDF40 /* DMListView.swift */ = {isa = PBXFileReference; lastKnownFileType = sourcecode.swift; path = DMListView.swift; sourceTree = "<group>"; };
		BA1B00170D6443FDA433147B /* AccountView.swift */ = {isa = PBXFileReference; lastKnownFileType = sourcecode.swift; path = AccountView.swift; sourceTree = "<group>"; };
		CB3995C3BF2C46138F6C8F4B /* Assets.xcassets */ = {isa = PBXFileReference; lastKnownFileType = folder.assetcatalog; path = Assets.xcassets; sourceTree = "<group>"; };
		51590CBC93FF483CB00F0383 /* Preview Assets.xcassets */ = {isa = PBXFileReference; lastKnownFileType = folder.assetcatalog; path = "Preview Assets.xcassets"; sourceTree = "<group>"; };
		DC028BD45AD845B4B80592AA /* Nexus.app */ = {isa = PBXFileReference; explicitFileType = wrapper.application; includeInIndex = 0; path = Nexus.app; sourceTree = BUILT_PRODUCTS_DIR; };
/* End PBXFileReference section */

/* Begin PBXFrameworksBuildPhase section */
		42F58EEFFED3441E8E1F11BB /* Frameworks */ = {
			isa = PBXFrameworksBuildPhase;
			buildActionMask = 2147483647;
			files = (
			);
			runOnlyForDeploymentPostprocessing = 0;
		};
/* End PBXFrameworksBuildPhase section */

/* Begin PBXGroup section */
		300714CAFEAF4740B6A4D66C = {
			isa = PBXGroup;
			children = (
				5FD62A6F64064F70AFE07A54 /* Nexus */,
				5C9A9585BE3043129039315E /* Products */,
			);
			sourceTree = "<group>";
		};
		5C9A9585BE3043129039315E /* Products */ = {
			isa = PBXGroup;
			children = (
				DC028BD45AD845B4B80592AA /* Nexus.app */,
			);
			name = Products;
			sourceTree = "<group>";
		};
		5FD62A6F64064F70AFE07A54 /* Nexus */ = {
			isa = PBXGroup;
			children = (43CFEE1E63124F61927C05F8 /* NexusApp.swift */, 033F3569DB954F54AB25A248 /* Models.swift */, C06443A9E26A4E4D8724BC99 /* APIClient.swift */, C9DB997A9DF94EE1B502F645 /* NexusSocket.swift */, 0FD94A95DAB645CBAAEAA7BA /* SessionStore.swift */, 65ED57FCA7E44CDAB7EA9E68 /* RootView.swift */, 5EC97E0A7D8A4C74B568A5BB /* LoginView.swift */, 3A689DE512904F01A0C1F938 /* MainTabView.swift */, 24ACA68DA4164F9D82BFB2E4 /* ServerListView.swift */, 886F5153280145EB8D317CA8 /* ChannelListView.swift */, 771611C90F0F4B2E86C4C0E2 /* ChannelMessagesView.swift */, CFE012A0A772490D8D12B2A5 /* MembersView.swift */, ECD46D1C2F0746CE9A9CDF40 /* DMListView.swift */, BA1B00170D6443FDA433147B /* AccountView.swift */, E1340BFB259D44AC89A30BB0 /* Assets.xcassets */, 1F8499EEBA954A3DAF6A7B51 /* Preview Content */);
			path = Nexus;
			sourceTree = "<group>";
		};
		E1340BFB259D44AC89A30BB0 /* Assets.xcassets */ = {
			isa = PBXGroup;
			children = (
				CB3995C3BF2C46138F6C8F4B /* Assets.xcassets */,
			);
			name = Assets.xcassets;
			sourceTree = "<group>";
		};
		1F8499EEBA954A3DAF6A7B51 /* Preview Content */ = {
			isa = PBXGroup;
			children = (
				51590CBC93FF483CB00F0383 /* Preview Assets.xcassets */,
			);
			path = "Preview Content";
			sourceTree = "<group>";
		};
/* End PBXGroup section */

/* Begin PBXNativeTarget section */
		5D306506247140DC877999DD /* Nexus */ = {
			isa = PBXNativeTarget;
			buildConfigurationList = C29BBA87E9B6495BA98BA2D5 /* Build configuration list for PBXNativeTarget "Nexus" */;
			buildPhases = (
				DBD94B50BDC5490EB820C105 /* Sources */,
				42F58EEFFED3441E8E1F11BB /* Frameworks */,
				E6E1DB076B1643F19859D55E /* Resources */,
			);
			buildRules = (
			);
			dependencies = (
			);
			name = Nexus;
			productName = Nexus;
			productReference = DC028BD45AD845B4B80592AA /* Nexus.app */;
			productType = "com.apple.product-type.application";
		};
/* End PBXNativeTarget section */

/* Begin PBXProject section */
		2CE4C03947A34FC7837E45F9 /* Project object */ = {
			isa = PBXProject;
			attributes = {
				BuildIndependentTargetsInParallel = 1;
				LastSwiftUpdateCheck = 1620;
				LastUpgradeCheck = 1620;
				TargetAttributes = {
					5D306506247140DC877999DD = {
						CreatedOnToolsVersion = 16.2;
					};
				};
			};
			buildConfigurationList = 927306CE02EA45E1AE1AA111 /* Build configuration list for PBXProject "Nexus" */;
			compatibilityVersion = "Xcode 15.0";
			developmentRegion = en;
			hasScannedForEncodings = 0;
			knownRegions = (
				en,
				Base,
			);
			mainGroup = 300714CAFEAF4740B6A4D66C;
			productRefGroup = 5C9A9585BE3043129039315E /* Products */;
			projectDirPath = "";
			projectRoot = "";
			targets = (
				5D306506247140DC877999DD /* Nexus */,
			);
		};
/* End PBXProject section */

/* Begin PBXResourcesBuildPhase section */
		E6E1DB076B1643F19859D55E /* Resources */ = {
			isa = PBXResourcesBuildPhase;
			buildActionMask = 2147483647;
			files = (
				98E61C25C03A4F288831418F /* Preview Assets.xcassets in Resources */,
				6BFDF982AA2643CCB847C73C /* Assets.xcassets in Resources */,
			);
			runOnlyForDeploymentPostprocessing = 0;
		};
/* End PBXResourcesBuildPhase section */

/* Begin PBXSourcesBuildPhase section */
		DBD94B50BDC5490EB820C105 /* Sources */ = {
			isa = PBXSourcesBuildPhase;
			buildActionMask = 2147483647;
			files = (
				B2DF2DDF9882477AA83EC13A /* NexusApp.swift in Sources */,
				38BE3FBDD5064F3D809C10EE /* Models.swift in Sources */,
				133B92F869DA45E3ACF73167 /* APIClient.swift in Sources */,
				C052F2A1BCAC46CC87648A83 /* NexusSocket.swift in Sources */,
				47C201E997244BB490F0FFCA /* SessionStore.swift in Sources */,
				725D5FB7C673403796684F93 /* RootView.swift in Sources */,
				0B098D09AEC04D639D324B93 /* LoginView.swift in Sources */,
				82C8F636E9414EA88B963A13 /* MainTabView.swift in Sources */,
				A4F0342CB7D5496B9D81C667 /* ServerListView.swift in Sources */,
				1E73E01050F647EC9CBB5773 /* ChannelListView.swift in Sources */,
				2681A7901A1844B79A8BA1C7 /* ChannelMessagesView.swift in Sources */,
				41432EB620D24DF3828830CB /* MembersView.swift in Sources */,
				640779B8E276403580A2B809 /* DMListView.swift in Sources */,
				ADC3161B26324DF6B38C95AC /* AccountView.swift in Sources */,
			);
			runOnlyForDeploymentPostprocessing = 0;
		};
/* End PBXSourcesBuildPhase section */

/* Begin XCBuildConfiguration section */
		7BC47481F9BB4B0DA01095F9 /* Debug */ = {
			isa = XCBuildConfiguration;
			buildSettings = {
				ALWAYS_SEARCH_USER_PATHS = NO;
				CLANG_ANALYZER_NONNULL = YES;
				CLANG_ANALYZER_NUMBER_OBJECT_CONVERSION = YES_AGGRESSIVE;
				CLANG_CXX_LANGUAGE_STANDARD = "gnu++20";
				CLANG_ENABLE_MODULES = YES;
				CLANG_ENABLE_OBJC_ARC = YES;
				CLANG_ENABLE_OBJC_WEAK = YES;
				CLANG_WARN_BLOCK_CAPTURE_AUTORELEASING = YES;
				CLANG_WARN_BOOL_CONVERSION = YES;
				CLANG_WARN_COMMA = YES;
				CLANG_WARN_CONSTANT_CONVERSION = YES;
				CLANG_WARN_DEPRECATED_OBJC_IMPLEMENTATIONS = YES;
				CLANG_WARN_DIRECT_OBJC_ISA_USAGE = YES_ERROR;
				CLANG_WARN_DOCUMENTATION_COMMENTS = YES;
				CLANG_WARN_EMPTY_BODY = YES;
				CLANG_WARN_ENUM_CONVERSION = YES;
				CLANG_WARN_INFINITE_RECURSION = YES;
				CLANG_WARN_INT_CONVERSION = YES;
				CLANG_WARN_NON_LITERAL_NULL_CONVERSION = YES;
				CLANG_WARN_OBJC_IMPLICIT_RETAIN_SELF = YES;
				CLANG_WARN_OBJC_LITERAL_CONVERSION = YES;
				CLANG_WARN_OBJC_ROOT_CLASS = YES_ERROR;
				CLANG_WARN_QUOTED_INCLUDE_IN_FRAMEWORK_HEADER = YES;
				CLANG_WARN_RANGE_LOOP_ANALYSIS = YES;
				CLANG_WARN_STRICT_PROTOTYPES = YES;
				CLANG_WARN_SUSPICIOUS_MOVE = YES;
				CLANG_WARN_UNGUARDED_AVAILABILITY = YES_AGGRESSIVE;
				CLANG_WARN_UNREACHABLE_CODE = YES;
				CLANG_WARN__DUPLICATE_METHOD_MATCH = YES;
				COPY_PHASE_STRIP = NO;
				DEBUG_INFORMATION_FORMAT = dwarf;
				ENABLE_STRICT_OBJC_MSGSEND = YES;
				ENABLE_TESTABILITY = YES;
				GCC_C_LANGUAGE_STANDARD = gnu17;
				GCC_DYNAMIC_NO_PIC = NO;
				GCC_NO_COMMON_BLOCKS = YES;
				GCC_OPTIMIZATION_LEVEL = 0;
				GCC_PREPROCESSOR_DEFINITIONS = (
					"DEBUG=1",
					"$(inherited)",
				);
				GCC_WARN_64_TO_32_BIT_CONVERSION = YES;
				GCC_WARN_ABOUT_RETURN_TYPE = YES_ERROR;
				GCC_WARN_UNDECLARED_SELECTOR = YES;
				GCC_WARN_UNINITIALIZED_AUTOS = YES_AGGRESSIVE;
				GCC_WARN_UNUSED_FUNCTION = YES;
				GCC_WARN_UNUSED_VARIABLE = YES;
				IPHONEOS_DEPLOYMENT_TARGET = 26.0;
				MTL_ENABLE_DEBUG_INFO = INCLUDE_SOURCE;
				MTL_FAST_MATH = YES;
				ONLY_ACTIVE_ARCH = YES;
				SDKROOT = iphoneos;
				SWIFT_ACTIVE_COMPILATION_CONDITIONS = "DEBUG $(inherited)";
				SWIFT_OPTIMIZATION_LEVEL = "-Onone";
				SWIFT_VERSION = 6.0;
			};
			name = Debug;
		};
		7625A3CE7B744F31885D8A31 /* Release */ = {
			isa = XCBuildConfiguration;
			buildSettings = {
				ALWAYS_SEARCH_USER_PATHS = NO;
				CLANG_ANALYZER_NONNULL = YES;
				CLANG_ANALYZER_NUMBER_OBJECT_CONVERSION = YES_AGGRESSIVE;
				CLANG_CXX_LANGUAGE_STANDARD = "gnu++20";
				CLANG_ENABLE_MODULES = YES;
				CLANG_ENABLE_OBJC_ARC = YES;
				CLANG_ENABLE_OBJC_WEAK = YES;
				CLANG_WARN_BLOCK_CAPTURE_AUTORELEASING = YES;
				CLANG_WARN_BOOL_CONVERSION = YES;
				CLANG_WARN_COMMA = YES;
				CLANG_WARN_CONSTANT_CONVERSION = YES;
				CLANG_WARN_DEPRECATED_OBJC_IMPLEMENTATIONS = YES;
				CLANG_WARN_DIRECT_OBJC_ISA_USAGE = YES_ERROR;
				CLANG_WARN_DOCUMENTATION_COMMENTS = YES;
				CLANG_WARN_EMPTY_BODY = YES;
				CLANG_WARN_ENUM_CONVERSION = YES;
				CLANG_WARN_INFINITE_RECURSION = YES;
				CLANG_WARN_INT_CONVERSION = YES;
				CLANG_WARN_NON_LITERAL_NULL_CONVERSION = YES;
				CLANG_WARN_OBJC_IMPLICIT_RETAIN_SELF = YES;
				CLANG_WARN_OBJC_LITERAL_CONVERSION = YES;
				CLANG_WARN_OBJC_ROOT_CLASS = YES_ERROR;
				CLANG_WARN_QUOTED_INCLUDE_IN_FRAMEWORK_HEADER = YES;
				CLANG_WARN_RANGE_LOOP_ANALYSIS = YES;
				CLANG_WARN_STRICT_PROTOTYPES = YES;
				CLANG_WARN_SUSPICIOUS_MOVE = YES;
				CLANG_WARN_UNGUARDED_AVAILABILITY = YES_AGGRESSIVE;
				CLANG_WARN_UNREACHABLE_CODE = YES;
				CLANG_WARN__DUPLICATE_METHOD_MATCH = YES;
				COPY_PHASE_STRIP = NO;
				DEBUG_INFORMATION_FORMAT = "dwarf-with-dsym";
				ENABLE_NS_ASSERTIONS = NO;
				ENABLE_STRICT_OBJC_MSGSEND = YES;
				GCC_C_LANGUAGE_STANDARD = gnu17;
				GCC_NO_COMMON_BLOCKS = YES;
				GCC_WARN_64_TO_32_BIT_CONVERSION = YES;
				GCC_WARN_ABOUT_RETURN_TYPE = YES_ERROR;
				GCC_WARN_UNDECLARED_SELECTOR = YES;
				GCC_WARN_UNINITIALIZED_AUTOS = YES_AGGRESSIVE;
				GCC_WARN_UNUSED_FUNCTION = YES;
				GCC_WARN_UNUSED_VARIABLE = YES;
				IPHONEOS_DEPLOYMENT_TARGET = 26.0;
				MTL_ENABLE_DEBUG_INFO = NO;
				MTL_FAST_MATH = YES;
				SDKROOT = iphoneos;
				SWIFT_COMPILATION_MODE = wholemodule;
				SWIFT_VERSION = 6.0;
				VALIDATE_PRODUCT = YES;
			};
			name = Release;
		};
		8DC12073D77F41EB96C3477A /* Debug */ = {
			isa = XCBuildConfiguration;
			buildSettings = {
				ASSETCATALOG_COMPILER_APPICON_NAME = AppIcon;
				ASSETCATALOG_COMPILER_GLOBAL_ACCENT_COLOR_NAME = AccentColor;
				CODE_SIGN_STYLE = Automatic;
				CURRENT_PROJECT_VERSION = 1;
				DEVELOPMENT_ASSET_PATHS = "\"Nexus/Preview Content\"";
				ENABLE_PREVIEWS = YES;
				GENERATE_INFOPLIST_FILE = YES;
				INFOPLIST_KEY_UIApplicationSceneManifest_Generation = YES;
				INFOPLIST_KEY_UIApplicationSupportsIndirectInputEvents = YES;
				INFOPLIST_KEY_UILaunchScreen_Generation = YES;
				INFOPLIST_KEY_UIStatusBarStyle = UIStatusBarStyleDefault;
				INFOPLIST_KEY_UISupportedInterfaceOrientations_iPhone = "UIInterfaceOrientationPortrait UIInterfaceOrientationLandscapeLeft UIInterfaceOrientationLandscapeRight";
				INFOPLIST_KEY_UISupportedInterfaceOrientations_iPad = "UIInterfaceOrientationPortrait UIInterfaceOrientationPortraitUpsideDown UIInterfaceOrientationLandscapeLeft UIInterfaceOrientationLandscapeRight";
				INFOPLIST_KEY_CFBundleDisplayName = Nexus;
				IPHONEOS_DEPLOYMENT_TARGET = 26.0;
				LD_RUNPATH_SEARCH_PATHS = (
					"$(inherited)",
					"@executable_path/Frameworks",
				);
				MARKETING_VERSION = 1.0;
				PRODUCT_BUNDLE_IDENTIFIER = "com.luishae.nexus";
				PRODUCT_NAME = "$(TARGET_NAME)";
				SWIFT_EMIT_LOC_STRINGS = YES;
				SWIFT_VERSION = 6.0;
				TARGETED_DEVICE_FAMILY = "1,2";
			};
			name = Debug;
		};
		0B2B86A196AE425FB73079EF /* Release */ = {
			isa = XCBuildConfiguration;
			buildSettings = {
				ASSETCATALOG_COMPILER_APPICON_NAME = AppIcon;
				ASSETCATALOG_COMPILER_GLOBAL_ACCENT_COLOR_NAME = AccentColor;
				CODE_SIGN_STYLE = Automatic;
				CURRENT_PROJECT_VERSION = 1;
				DEVELOPMENT_ASSET_PATHS = "\"Nexus/Preview Content\"";
				ENABLE_PREVIEWS = YES;
				GENERATE_INFOPLIST_FILE = YES;
				INFOPLIST_KEY_UIApplicationSceneManifest_Generation = YES;
				INFOPLIST_KEY_UIApplicationSupportsIndirectInputEvents = YES;
				INFOPLIST_KEY_UILaunchScreen_Generation = YES;
				INFOPLIST_KEY_UIStatusBarStyle = UIStatusBarStyleDefault;
				INFOPLIST_KEY_UISupportedInterfaceOrientations_iPhone = "UIInterfaceOrientationPortrait UIInterfaceOrientationLandscapeLeft UIInterfaceOrientationLandscapeRight";
				INFOPLIST_KEY_UISupportedInterfaceOrientations_iPad = "UIInterfaceOrientationPortrait UIInterfaceOrientationPortraitUpsideDown UIInterfaceOrientationLandscapeLeft UIInterfaceOrientationLandscapeRight";
				INFOPLIST_KEY_CFBundleDisplayName = Nexus;
				IPHONEOS_DEPLOYMENT_TARGET = 26.0;
				LD_RUNPATH_SEARCH_PATHS = (
					"$(inherited)",
					"@executable_path/Frameworks",
				);
				MARKETING_VERSION = 1.0;
				PRODUCT_BUNDLE_IDENTIFIER = "com.luishae.nexus";
				PRODUCT_NAME = "$(TARGET_NAME)";
				SWIFT_EMIT_LOC_STRINGS = YES;
				SWIFT_VERSION = 6.0;
				TARGETED_DEVICE_FAMILY = "1,2";
			};
			name = Release;
		};
/* End XCBuildConfiguration section */

/* Begin XCConfigurationList section */
		927306CE02EA45E1AE1AA111 /* Build configuration list for PBXProject "Nexus" */ = {
			isa = XCConfigurationList;
			buildConfigurations = (
				7BC47481F9BB4B0DA01095F9 /* Debug */,
				7625A3CE7B744F31885D8A31 /* Release */,
			);
			defaultConfigurationIsVisible = 0;
			defaultConfigurationName = Release;
		};
		C29BBA87E9B6495BA98BA2D5 /* Build configuration list for PBXNativeTarget "Nexus" */ = {
			isa = XCConfigurationList;
			buildConfigurations = (
				8DC12073D77F41EB96C3477A /* Debug */,
				0B2B86A196AE425FB73079EF /* Release */,
			);
			defaultConfigurationIsVisible = 0;
			defaultConfigurationName = Release;
		};
/* End XCConfigurationList section */
	};
	rootObject = 2CE4C03947A34FC7837E45F9 /* Project object */;
}
