// !$*UTF8*$!
{
	archiveVersion = 1;
	classes = {
	};
	objectVersion = 56;
	objects = {

/* Begin PBXBuildFile section */
		73A900143FF145DCB69A2CB5 /* LuisystemdApp.swift in Sources */ = {isa = PBXBuildFile; fileRef = 2F39013051BD438ABAB89E96 /* LuisystemdApp.swift */; };
		ACACCAFFA40E4DA2A509BC8C /* Models.swift in Sources */ = {isa = PBXBuildFile; fileRef = 66A17884E43647A6BB306FCE /* Models.swift */; };
		35CCCDE0DFFB45D6AF6B12B9 /* APIClient.swift in Sources */ = {isa = PBXBuildFile; fileRef = 1B0F73131312430E921C2DEF /* APIClient.swift */; };
		CCDAE477802641689F6BFD43 /* SessionStore.swift in Sources */ = {isa = PBXBuildFile; fileRef = 54C55D7E060641E1B8C399DD /* SessionStore.swift */; };
		CCAC363C97BA4EBDBDCAD868 /* RootView.swift in Sources */ = {isa = PBXBuildFile; fileRef = 5C364F9B836646CB993741F8 /* RootView.swift */; };
		EF16CCE883D44FB187D21D00 /* LoginView.swift in Sources */ = {isa = PBXBuildFile; fileRef = FA46D39988C14454A286979A /* LoginView.swift */; };
		6C4B98E1937D4884B5A8872D /* MainTabView.swift in Sources */ = {isa = PBXBuildFile; fileRef = A995D1A62A0040299318A609 /* MainTabView.swift */; };
		9B27DA9B12F14F3884C3BE37 /* ProjectsView.swift in Sources */ = {isa = PBXBuildFile; fileRef = 8F95F6D37A4244D59767DAAA /* ProjectsView.swift */; };
		B33D3D08457248E6882D8853 /* ProjectDetailView.swift in Sources */ = {isa = PBXBuildFile; fileRef = 46DF58E3E1314462B09CDD23 /* ProjectDetailView.swift */; };
		762FFEA8B986451B9F3F7325 /* FileBrowserView.swift in Sources */ = {isa = PBXBuildFile; fileRef = 5E18C0E6312546798DAA739C /* FileBrowserView.swift */; };
		AE26336845D5406BAE55826A /* FileEditorView.swift in Sources */ = {isa = PBXBuildFile; fileRef = 1B6D3840B48A4D22AA0AD353 /* FileEditorView.swift */; };
		CD17FC2AE1A1452792DF33EB /* TerminalView.swift in Sources */ = {isa = PBXBuildFile; fileRef = BE38800EC31A47DA80FEF29C /* TerminalView.swift */; };
		77ECF2C8AB664BBAA64E2186 /* DeployView.swift in Sources */ = {isa = PBXBuildFile; fileRef = 04248B6B9313485E94D2E324 /* DeployView.swift */; };
		4A7E6D20B7C3471BA7D722D2 /* ProjectSettingsView.swift in Sources */ = {isa = PBXBuildFile; fileRef = 821FF1B4E33449208EA16096 /* ProjectSettingsView.swift */; };
		231B356BE8F14DCB9D27EF66 /* JobsView.swift in Sources */ = {isa = PBXBuildFile; fileRef = 0F522BE2EC68417E8F069390 /* JobsView.swift */; };
		174E41A388C74E1185C49F9D /* GalleryView.swift in Sources */ = {isa = PBXBuildFile; fileRef = 1F1B08F17995470587CCCA7A /* GalleryView.swift */; };
		E8783685F0DD4C22948F367F /* AccountView.swift in Sources */ = {isa = PBXBuildFile; fileRef = D017781A59664F91959CDE69 /* AccountView.swift */; };
		5469E578A1004B4DBFA2BBBD /* GitHubSignIn.swift in Sources */ = {isa = PBXBuildFile; fileRef = EA07EC1E57AA444782AF819C /* GitHubSignIn.swift */; };
		6F3B1A3C6489477E97649383 /* Assets.xcassets in Resources */ = {isa = PBXBuildFile; fileRef = C70BCD1A7B274DBDB2EEE0B7 /* Assets.xcassets */; };
		0CF3F155F6484784A574BE72 /* Preview Assets.xcassets in Resources */ = {isa = PBXBuildFile; fileRef = 36A1EE44A5604EB99585CCDC /* Preview Assets.xcassets */; };
/* End PBXBuildFile section */

/* Begin PBXFileReference section */
		2F39013051BD438ABAB89E96 /* LuisystemdApp.swift */ = {isa = PBXFileReference; lastKnownFileType = sourcecode.swift; path = LuisystemdApp.swift; sourceTree = "<group>"; };
		66A17884E43647A6BB306FCE /* Models.swift */ = {isa = PBXFileReference; lastKnownFileType = sourcecode.swift; path = Models.swift; sourceTree = "<group>"; };
		1B0F73131312430E921C2DEF /* APIClient.swift */ = {isa = PBXFileReference; lastKnownFileType = sourcecode.swift; path = APIClient.swift; sourceTree = "<group>"; };
		54C55D7E060641E1B8C399DD /* SessionStore.swift */ = {isa = PBXFileReference; lastKnownFileType = sourcecode.swift; path = SessionStore.swift; sourceTree = "<group>"; };
		5C364F9B836646CB993741F8 /* RootView.swift */ = {isa = PBXFileReference; lastKnownFileType = sourcecode.swift; path = RootView.swift; sourceTree = "<group>"; };
		FA46D39988C14454A286979A /* LoginView.swift */ = {isa = PBXFileReference; lastKnownFileType = sourcecode.swift; path = LoginView.swift; sourceTree = "<group>"; };
		A995D1A62A0040299318A609 /* MainTabView.swift */ = {isa = PBXFileReference; lastKnownFileType = sourcecode.swift; path = MainTabView.swift; sourceTree = "<group>"; };
		8F95F6D37A4244D59767DAAA /* ProjectsView.swift */ = {isa = PBXFileReference; lastKnownFileType = sourcecode.swift; path = ProjectsView.swift; sourceTree = "<group>"; };
		46DF58E3E1314462B09CDD23 /* ProjectDetailView.swift */ = {isa = PBXFileReference; lastKnownFileType = sourcecode.swift; path = ProjectDetailView.swift; sourceTree = "<group>"; };
		5E18C0E6312546798DAA739C /* FileBrowserView.swift */ = {isa = PBXFileReference; lastKnownFileType = sourcecode.swift; path = FileBrowserView.swift; sourceTree = "<group>"; };
		1B6D3840B48A4D22AA0AD353 /* FileEditorView.swift */ = {isa = PBXFileReference; lastKnownFileType = sourcecode.swift; path = FileEditorView.swift; sourceTree = "<group>"; };
		BE38800EC31A47DA80FEF29C /* TerminalView.swift */ = {isa = PBXFileReference; lastKnownFileType = sourcecode.swift; path = TerminalView.swift; sourceTree = "<group>"; };
		04248B6B9313485E94D2E324 /* DeployView.swift */ = {isa = PBXFileReference; lastKnownFileType = sourcecode.swift; path = DeployView.swift; sourceTree = "<group>"; };
		821FF1B4E33449208EA16096 /* ProjectSettingsView.swift */ = {isa = PBXFileReference; lastKnownFileType = sourcecode.swift; path = ProjectSettingsView.swift; sourceTree = "<group>"; };
		0F522BE2EC68417E8F069390 /* JobsView.swift */ = {isa = PBXFileReference; lastKnownFileType = sourcecode.swift; path = JobsView.swift; sourceTree = "<group>"; };
		1F1B08F17995470587CCCA7A /* GalleryView.swift */ = {isa = PBXFileReference; lastKnownFileType = sourcecode.swift; path = GalleryView.swift; sourceTree = "<group>"; };
		D017781A59664F91959CDE69 /* AccountView.swift */ = {isa = PBXFileReference; lastKnownFileType = sourcecode.swift; path = AccountView.swift; sourceTree = "<group>"; };
		EA07EC1E57AA444782AF819C /* GitHubSignIn.swift */ = {isa = PBXFileReference; lastKnownFileType = sourcecode.swift; path = GitHubSignIn.swift; sourceTree = "<group>"; };
		C70BCD1A7B274DBDB2EEE0B7 /* Assets.xcassets */ = {isa = PBXFileReference; lastKnownFileType = folder.assetcatalog; path = Assets.xcassets; sourceTree = "<group>"; };
		36A1EE44A5604EB99585CCDC /* Preview Assets.xcassets */ = {isa = PBXFileReference; lastKnownFileType = folder.assetcatalog; path = "Preview Assets.xcassets"; sourceTree = "<group>"; };
		878728444A144C60AB4A3A74 /* Luisystemd.app */ = {isa = PBXFileReference; explicitFileType = wrapper.application; includeInIndex = 0; path = Luisystemd.app; sourceTree = BUILT_PRODUCTS_DIR; };
/* End PBXFileReference section */

/* Begin PBXFrameworksBuildPhase section */
		C0AA8E94EB064DAC8C165FFD /* Frameworks */ = {
			isa = PBXFrameworksBuildPhase;
			buildActionMask = 2147483647;
			files = (
			);
			runOnlyForDeploymentPostprocessing = 0;
		};
/* End PBXFrameworksBuildPhase section */

/* Begin PBXGroup section */
		C3A9BD6EBA104633ACFB9D53 = {
			isa = PBXGroup;
			children = (
				6AFE731683394EE0ABF5ABCA /* Luisystemd */,
				82E5FC0278CE4663BEE63A34 /* Products */,
			);
			sourceTree = "<group>";
		};
		82E5FC0278CE4663BEE63A34 /* Products */ = {
			isa = PBXGroup;
			children = (
				878728444A144C60AB4A3A74 /* Luisystemd.app */,
			);
			name = Products;
			sourceTree = "<group>";
		};
		6AFE731683394EE0ABF5ABCA /* Luisystemd */ = {
			isa = PBXGroup;
			children = (2F39013051BD438ABAB89E96 /* LuisystemdApp.swift */, 66A17884E43647A6BB306FCE /* Models.swift */, 1B0F73131312430E921C2DEF /* APIClient.swift */, 54C55D7E060641E1B8C399DD /* SessionStore.swift */, 5C364F9B836646CB993741F8 /* RootView.swift */, FA46D39988C14454A286979A /* LoginView.swift */, A995D1A62A0040299318A609 /* MainTabView.swift */, 8F95F6D37A4244D59767DAAA /* ProjectsView.swift */, 46DF58E3E1314462B09CDD23 /* ProjectDetailView.swift */, 5E18C0E6312546798DAA739C /* FileBrowserView.swift */, 1B6D3840B48A4D22AA0AD353 /* FileEditorView.swift */, BE38800EC31A47DA80FEF29C /* TerminalView.swift */, 04248B6B9313485E94D2E324 /* DeployView.swift */, 821FF1B4E33449208EA16096 /* ProjectSettingsView.swift */, 0F522BE2EC68417E8F069390 /* JobsView.swift */, 1F1B08F17995470587CCCA7A /* GalleryView.swift */, D017781A59664F91959CDE69 /* AccountView.swift */, EA07EC1E57AA444782AF819C /* GitHubSignIn.swift */, 470894559FB0412890CE6971 /* Assets.xcassets */, A200C03B7ECC42F795CDBE9D /* Preview Content */);
			path = Luisystemd;
			sourceTree = "<group>";
		};
		470894559FB0412890CE6971 /* Assets.xcassets */ = {
			isa = PBXGroup;
			children = (
				C70BCD1A7B274DBDB2EEE0B7 /* Assets.xcassets */,
			);
			name = Assets.xcassets;
			sourceTree = "<group>";
		};
		A200C03B7ECC42F795CDBE9D /* Preview Content */ = {
			isa = PBXGroup;
			children = (
				36A1EE44A5604EB99585CCDC /* Preview Assets.xcassets */,
			);
			path = "Preview Content";
			sourceTree = "<group>";
		};
/* End PBXGroup section */

/* Begin PBXNativeTarget section */
		806E1B689EC6496093E3C354 /* Luisystemd */ = {
			isa = PBXNativeTarget;
			buildConfigurationList = 3DC2779B2F0D49BFB8A4F9E4 /* Build configuration list for PBXNativeTarget "Luisystemd" */;
			buildPhases = (
				2C4EEF5DCD8E4F73BE55C4B2 /* Sources */,
				C0AA8E94EB064DAC8C165FFD /* Frameworks */,
				06EB51AB60874B478D2E6D1E /* Resources */,
			);
			buildRules = (
			);
			dependencies = (
			);
			name = Luisystemd;
			productName = Luisystemd;
			productReference = 878728444A144C60AB4A3A74 /* Luisystemd.app */;
			productType = "com.apple.product-type.application";
		};
/* End PBXNativeTarget section */

/* Begin PBXProject section */
		0FB230FF904B46EF9ADA587E /* Project object */ = {
			isa = PBXProject;
			attributes = {
				BuildIndependentTargetsInParallel = 1;
				LastSwiftUpdateCheck = 1620;
				LastUpgradeCheck = 1620;
				TargetAttributes = {
					806E1B689EC6496093E3C354 = {
						CreatedOnToolsVersion = 16.2;
					};
				};
			};
			buildConfigurationList = A9BE1B5FF4BD4DA0A3EF8CE0 /* Build configuration list for PBXProject "Luisystemd" */;
			compatibilityVersion = "Xcode 15.0";
			developmentRegion = en;
			hasScannedForEncodings = 0;
			knownRegions = (
				en,
				Base,
			);
			mainGroup = C3A9BD6EBA104633ACFB9D53;
			productRefGroup = 82E5FC0278CE4663BEE63A34 /* Products */;
			projectDirPath = "";
			projectRoot = "";
			targets = (
				806E1B689EC6496093E3C354 /* Luisystemd */,
			);
		};
/* End PBXProject section */

/* Begin PBXResourcesBuildPhase section */
		06EB51AB60874B478D2E6D1E /* Resources */ = {
			isa = PBXResourcesBuildPhase;
			buildActionMask = 2147483647;
			files = (
				0CF3F155F6484784A574BE72 /* Preview Assets.xcassets in Resources */,
				6F3B1A3C6489477E97649383 /* Assets.xcassets in Resources */,
			);
			runOnlyForDeploymentPostprocessing = 0;
		};
/* End PBXResourcesBuildPhase section */

/* Begin PBXSourcesBuildPhase section */
		2C4EEF5DCD8E4F73BE55C4B2 /* Sources */ = {
			isa = PBXSourcesBuildPhase;
			buildActionMask = 2147483647;
			files = (
				73A900143FF145DCB69A2CB5 /* LuisystemdApp.swift in Sources */,
				ACACCAFFA40E4DA2A509BC8C /* Models.swift in Sources */,
				35CCCDE0DFFB45D6AF6B12B9 /* APIClient.swift in Sources */,
				CCDAE477802641689F6BFD43 /* SessionStore.swift in Sources */,
				CCAC363C97BA4EBDBDCAD868 /* RootView.swift in Sources */,
				EF16CCE883D44FB187D21D00 /* LoginView.swift in Sources */,
				6C4B98E1937D4884B5A8872D /* MainTabView.swift in Sources */,
				9B27DA9B12F14F3884C3BE37 /* ProjectsView.swift in Sources */,
				B33D3D08457248E6882D8853 /* ProjectDetailView.swift in Sources */,
				762FFEA8B986451B9F3F7325 /* FileBrowserView.swift in Sources */,
				AE26336845D5406BAE55826A /* FileEditorView.swift in Sources */,
				CD17FC2AE1A1452792DF33EB /* TerminalView.swift in Sources */,
				77ECF2C8AB664BBAA64E2186 /* DeployView.swift in Sources */,
				4A7E6D20B7C3471BA7D722D2 /* ProjectSettingsView.swift in Sources */,
				231B356BE8F14DCB9D27EF66 /* JobsView.swift in Sources */,
				174E41A388C74E1185C49F9D /* GalleryView.swift in Sources */,
				E8783685F0DD4C22948F367F /* AccountView.swift in Sources */,
				5469E578A1004B4DBFA2BBBD /* GitHubSignIn.swift in Sources */,
			);
			runOnlyForDeploymentPostprocessing = 0;
		};
/* End PBXSourcesBuildPhase section */

/* Begin XCBuildConfiguration section */
		6F290131C2094D7598A71F68 /* Debug */ = {
			isa = XCBuildConfiguration;
			buildSettings = {
				ALWAYS_SEARCH_USER_PATHS = NO;
				CLANG_ANALYZER_NONNULL = YES;
				CLANG_ANALYZER_NUMBER_OBJECT_CONVERSION = YES_AGGRESSIVE;
				CLANG_CXX_LANGUAGE_STANDARD = "gnu++20";
				CLANG_ENABLE_MODULES = YES;
				CLANG_ENABLE_OBJC_ARC = YES;
				CLANG_ENABLE_OBJC_WEAK = YES;
				CLANG_WARN_BLOCK_CAPTURE_AUTORELEASING = YES;
				CLANG_WARN_BOOL_CONVERSION = YES;
				CLANG_WARN_COMMA = YES;
				CLANG_WARN_CONSTANT_CONVERSION = YES;
				CLANG_WARN_DEPRECATED_OBJC_IMPLEMENTATIONS = YES;
				CLANG_WARN_DIRECT_OBJC_ISA_USAGE = YES_ERROR;
				CLANG_WARN_DOCUMENTATION_COMMENTS = YES;
				CLANG_WARN_EMPTY_BODY = YES;
				CLANG_WARN_ENUM_CONVERSION = YES;
				CLANG_WARN_INFINITE_RECURSION = YES;
				CLANG_WARN_INT_CONVERSION = YES;
				CLANG_WARN_NON_LITERAL_NULL_CONVERSION = YES;
				CLANG_WARN_OBJC_IMPLICIT_RETAIN_SELF = YES;
				CLANG_WARN_OBJC_LITERAL_CONVERSION = YES;
				CLANG_WARN_OBJC_ROOT_CLASS = YES_ERROR;
				CLANG_WARN_QUOTED_INCLUDE_IN_FRAMEWORK_HEADER = YES;
				CLANG_WARN_RANGE_LOOP_ANALYSIS = YES;
				CLANG_WARN_STRICT_PROTOTYPES = YES;
				CLANG_WARN_SUSPICIOUS_MOVE = YES;
				CLANG_WARN_UNGUARDED_AVAILABILITY = YES_AGGRESSIVE;
				CLANG_WARN_UNREACHABLE_CODE = YES;
				CLANG_WARN__DUPLICATE_METHOD_MATCH = YES;
				COPY_PHASE_STRIP = NO;
				DEBUG_INFORMATION_FORMAT = dwarf;
				ENABLE_STRICT_OBJC_MSGSEND = YES;
				ENABLE_TESTABILITY = YES;
				GCC_C_LANGUAGE_STANDARD = gnu17;
				GCC_DYNAMIC_NO_PIC = NO;
				GCC_NO_COMMON_BLOCKS = YES;
				GCC_OPTIMIZATION_LEVEL = 0;
				GCC_PREPROCESSOR_DEFINITIONS = (
					"DEBUG=1",
					"$(inherited)",
				);
				GCC_WARN_64_TO_32_BIT_CONVERSION = YES;
				GCC_WARN_ABOUT_RETURN_TYPE = YES_ERROR;
				GCC_WARN_UNDECLARED_SELECTOR = YES;
				GCC_WARN_UNINITIALIZED_AUTOS = YES_AGGRESSIVE;
				GCC_WARN_UNUSED_FUNCTION = YES;
				GCC_WARN_UNUSED_VARIABLE = YES;
				IPHONEOS_DEPLOYMENT_TARGET = 26.0;
				MTL_ENABLE_DEBUG_INFO = INCLUDE_SOURCE;
				MTL_FAST_MATH = YES;
				ONLY_ACTIVE_ARCH = YES;
				SDKROOT = iphoneos;
				SWIFT_ACTIVE_COMPILATION_CONDITIONS = "DEBUG $(inherited)";
				SWIFT_OPTIMIZATION_LEVEL = "-Onone";
				SWIFT_VERSION = 6.0;
			};
			name = Debug;
		};
		718C7090B55E4C24A731EB70 /* Release */ = {
			isa = XCBuildConfiguration;
			buildSettings = {
				ALWAYS_SEARCH_USER_PATHS = NO;
				CLANG_ANALYZER_NONNULL = YES;
				CLANG_ANALYZER_NUMBER_OBJECT_CONVERSION = YES_AGGRESSIVE;
				CLANG_CXX_LANGUAGE_STANDARD = "gnu++20";
				CLANG_ENABLE_MODULES = YES;
				CLANG_ENABLE_OBJC_ARC = YES;
				CLANG_ENABLE_OBJC_WEAK = YES;
				CLANG_WARN_BLOCK_CAPTURE_AUTORELEASING = YES;
				CLANG_WARN_BOOL_CONVERSION = YES;
				CLANG_WARN_COMMA = YES;
				CLANG_WARN_CONSTANT_CONVERSION = YES;
				CLANG_WARN_DEPRECATED_OBJC_IMPLEMENTATIONS = YES;
				CLANG_WARN_DIRECT_OBJC_ISA_USAGE = YES_ERROR;
				CLANG_WARN_DOCUMENTATION_COMMENTS = YES;
				CLANG_WARN_EMPTY_BODY = YES;
				CLANG_WARN_ENUM_CONVERSION = YES;
				CLANG_WARN_INFINITE_RECURSION = YES;
				CLANG_WARN_INT_CONVERSION = YES;
				CLANG_WARN_NON_LITERAL_NULL_CONVERSION = YES;
				CLANG_WARN_OBJC_IMPLICIT_RETAIN_SELF = YES;
				CLANG_WARN_OBJC_LITERAL_CONVERSION = YES;
				CLANG_WARN_OBJC_ROOT_CLASS = YES_ERROR;
				CLANG_WARN_QUOTED_INCLUDE_IN_FRAMEWORK_HEADER = YES;
				CLANG_WARN_RANGE_LOOP_ANALYSIS = YES;
				CLANG_WARN_STRICT_PROTOTYPES = YES;
				CLANG_WARN_SUSPICIOUS_MOVE = YES;
				CLANG_WARN_UNGUARDED_AVAILABILITY = YES_AGGRESSIVE;
				CLANG_WARN_UNREACHABLE_CODE = YES;
				CLANG_WARN__DUPLICATE_METHOD_MATCH = YES;
				COPY_PHASE_STRIP = NO;
				DEBUG_INFORMATION_FORMAT = "dwarf-with-dsym";
				ENABLE_NS_ASSERTIONS = NO;
				ENABLE_STRICT_OBJC_MSGSEND = YES;
				GCC_C_LANGUAGE_STANDARD = gnu17;
				GCC_NO_COMMON_BLOCKS = YES;
				GCC_WARN_64_TO_32_BIT_CONVERSION = YES;
				GCC_WARN_ABOUT_RETURN_TYPE = YES_ERROR;
				GCC_WARN_UNDECLARED_SELECTOR = YES;
				GCC_WARN_UNINITIALIZED_AUTOS = YES_AGGRESSIVE;
				GCC_WARN_UNUSED_FUNCTION = YES;
				GCC_WARN_UNUSED_VARIABLE = YES;
				IPHONEOS_DEPLOYMENT_TARGET = 26.0;
				MTL_ENABLE_DEBUG_INFO = NO;
				MTL_FAST_MATH = YES;
				SDKROOT = iphoneos;
				SWIFT_COMPILATION_MODE = wholemodule;
				SWIFT_VERSION = 6.0;
				VALIDATE_PRODUCT = YES;
			};
			name = Release;
		};
		93733BB59A1B4AEDAB47E6D4 /* Debug */ = {
			isa = XCBuildConfiguration;
			buildSettings = {
				ASSETCATALOG_COMPILER_APPICON_NAME = AppIcon;
				ASSETCATALOG_COMPILER_GLOBAL_ACCENT_COLOR_NAME = AccentColor;
				CODE_SIGN_STYLE = Automatic;
				CURRENT_PROJECT_VERSION = 1;
				DEVELOPMENT_ASSET_PATHS = "\"Luisystemd/Preview Content\"";
				ENABLE_PREVIEWS = YES;
				INFOPLIST_FILE = Luisystemd/Info.plist;
				IPHONEOS_DEPLOYMENT_TARGET = 26.0;
				LD_RUNPATH_SEARCH_PATHS = (
					"$(inherited)",
					"@executable_path/Frameworks",
				);
				MARKETING_VERSION = 1.0;
				PRODUCT_BUNDLE_IDENTIFIER = "com.luishae.luisystemd";
				PRODUCT_NAME = "$(TARGET_NAME)";
				SWIFT_EMIT_LOC_STRINGS = YES;
				SWIFT_VERSION = 6.0;
				TARGETED_DEVICE_FAMILY = "1,2";
			};
			name = Debug;
		};
		3568396403F742008C5D0FB7 /* Release */ = {
			isa = XCBuildConfiguration;
			buildSettings = {
				ASSETCATALOG_COMPILER_APPICON_NAME = AppIcon;
				ASSETCATALOG_COMPILER_GLOBAL_ACCENT_COLOR_NAME = AccentColor;
				CODE_SIGN_STYLE = Automatic;
				CURRENT_PROJECT_VERSION = 1;
				DEVELOPMENT_ASSET_PATHS = "\"Luisystemd/Preview Content\"";
				ENABLE_PREVIEWS = YES;
				INFOPLIST_FILE = Luisystemd/Info.plist;
				IPHONEOS_DEPLOYMENT_TARGET = 26.0;
				LD_RUNPATH_SEARCH_PATHS = (
					"$(inherited)",
					"@executable_path/Frameworks",
				);
				MARKETING_VERSION = 1.0;
				PRODUCT_BUNDLE_IDENTIFIER = "com.luishae.luisystemd";
				PRODUCT_NAME = "$(TARGET_NAME)";
				SWIFT_EMIT_LOC_STRINGS = YES;
				SWIFT_VERSION = 6.0;
				TARGETED_DEVICE_FAMILY = "1,2";
			};
			name = Release;
		};
/* End XCBuildConfiguration section */

/* Begin XCConfigurationList section */
		A9BE1B5FF4BD4DA0A3EF8CE0 /* Build configuration list for PBXProject "Luisystemd" */ = {
			isa = XCConfigurationList;
			buildConfigurations = (
				6F290131C2094D7598A71F68 /* Debug */,
				718C7090B55E4C24A731EB70 /* Release */,
			);
			defaultConfigurationIsVisible = 0;
			defaultConfigurationName = Release;
		};
		3DC2779B2F0D49BFB8A4F9E4 /* Build configuration list for PBXNativeTarget "Luisystemd" */ = {
			isa = XCConfigurationList;
			buildConfigurations = (
				93733BB59A1B4AEDAB47E6D4 /* Debug */,
				3568396403F742008C5D0FB7 /* Release */,
			);
			defaultConfigurationIsVisible = 0;
			defaultConfigurationName = Release;
		};
/* End XCConfigurationList section */
	};
	rootObject = 0FB230FF904B46EF9ADA587E /* Project object */;
}
