// !$*UTF8*$!
{
	archiveVersion = 1;
	classes = {
	};
	objectVersion = 56;
	objects = {

/* Begin PBXBuildFile section */
		9824BFD5A7C8464793D30083 /* LuisystemdApp.swift in Sources */ = {isa = PBXBuildFile; fileRef = A38585A9B0A64B2A89E5B4C9 /* LuisystemdApp.swift */; };
		8F29FCF4C92A40988A07B903 /* Models.swift in Sources */ = {isa = PBXBuildFile; fileRef = EA3C260D70594D82BFB57AB7 /* Models.swift */; };
		B712DCAE636A45AD9A133192 /* APIClient.swift in Sources */ = {isa = PBXBuildFile; fileRef = 26F003102B304C63A83709A7 /* APIClient.swift */; };
		D3F51E0A07814C3EB5384FA9 /* SessionStore.swift in Sources */ = {isa = PBXBuildFile; fileRef = 991567F58CC749BFB10AA09A /* SessionStore.swift */; };
		4D9CA4AAD81549A48AFC5A5F /* RootView.swift in Sources */ = {isa = PBXBuildFile; fileRef = BD34ED4CD9884A73847FF6C9 /* RootView.swift */; };
		7AD7345F685C4B26865921E1 /* LoginView.swift in Sources */ = {isa = PBXBuildFile; fileRef = 9AD8AA8753C1480DA0D54119 /* LoginView.swift */; };
		8B3FBDA081214E379848BADE /* MainTabView.swift in Sources */ = {isa = PBXBuildFile; fileRef = 63DB9CB1DADF4D04ADDB6865 /* MainTabView.swift */; };
		1FCC3C9CE2984E1CB94A8608 /* ProjectsView.swift in Sources */ = {isa = PBXBuildFile; fileRef = A93164AE2AF64BDD86920B18 /* ProjectsView.swift */; };
		EC208057EB114EB0B4271B7D /* ProjectDetailView.swift in Sources */ = {isa = PBXBuildFile; fileRef = ED80E23EB3B944018B525F55 /* ProjectDetailView.swift */; };
		95F90B1B44844654BB475AF1 /* FileBrowserView.swift in Sources */ = {isa = PBXBuildFile; fileRef = 0D7DC3ED7933436FBB3B08AE /* FileBrowserView.swift */; };
		7CB10869C1E742F7850AC463 /* FileEditorView.swift in Sources */ = {isa = PBXBuildFile; fileRef = F47C1C40675A47D9A7714CC2 /* FileEditorView.swift */; };
		A5636082D6E548C380709F7E /* TerminalView.swift in Sources */ = {isa = PBXBuildFile; fileRef = C094F387B2494EBE98BD7E35 /* TerminalView.swift */; };
		BB334BB4AB864ED4B1B07383 /* DeployView.swift in Sources */ = {isa = PBXBuildFile; fileRef = BD97C45C48C54F35806C4290 /* DeployView.swift */; };
		BCF0696773E94EA2AFE2C793 /* ProjectSettingsView.swift in Sources */ = {isa = PBXBuildFile; fileRef = B546489649B74401AFB57047 /* ProjectSettingsView.swift */; };
		762B8AD249A84EE4BD214937 /* JobsView.swift in Sources */ = {isa = PBXBuildFile; fileRef = A5DDF048B37D44C8AD8B880E /* JobsView.swift */; };
		D3B83718A44F4248A47123F6 /* GalleryView.swift in Sources */ = {isa = PBXBuildFile; fileRef = 47A6F299027247939431C276 /* GalleryView.swift */; };
		528C990663404F9A97DE3456 /* AccountView.swift in Sources */ = {isa = PBXBuildFile; fileRef = 8B16731A138C412E8BC3CE3F /* AccountView.swift */; };
		7881B5F5592C45C19E538B1F /* GitHubSignIn.swift in Sources */ = {isa = PBXBuildFile; fileRef = 03B315AB51204653B5FAAFFA /* GitHubSignIn.swift */; };
		28D3C16B30274E8B9B458642 /* Assets.xcassets in Resources */ = {isa = PBXBuildFile; fileRef = 9C2797DF0E1F47A280A86BE7 /* Assets.xcassets */; };
		A94FE5DE522043A298851521 /* Preview Assets.xcassets in Resources */ = {isa = PBXBuildFile; fileRef = 0F96A7C7FAED44CD89EF03D7 /* Preview Assets.xcassets */; };
/* End PBXBuildFile section */

/* Begin PBXFileReference section */
		A38585A9B0A64B2A89E5B4C9 /* LuisystemdApp.swift */ = {isa = PBXFileReference; lastKnownFileType = sourcecode.swift; path = LuisystemdApp.swift; sourceTree = "<group>"; };
		EA3C260D70594D82BFB57AB7 /* Models.swift */ = {isa = PBXFileReference; lastKnownFileType = sourcecode.swift; path = Models.swift; sourceTree = "<group>"; };
		26F003102B304C63A83709A7 /* APIClient.swift */ = {isa = PBXFileReference; lastKnownFileType = sourcecode.swift; path = APIClient.swift; sourceTree = "<group>"; };
		991567F58CC749BFB10AA09A /* SessionStore.swift */ = {isa = PBXFileReference; lastKnownFileType = sourcecode.swift; path = SessionStore.swift; sourceTree = "<group>"; };
		BD34ED4CD9884A73847FF6C9 /* RootView.swift */ = {isa = PBXFileReference; lastKnownFileType = sourcecode.swift; path = RootView.swift; sourceTree = "<group>"; };
		9AD8AA8753C1480DA0D54119 /* LoginView.swift */ = {isa = PBXFileReference; lastKnownFileType = sourcecode.swift; path = LoginView.swift; sourceTree = "<group>"; };
		63DB9CB1DADF4D04ADDB6865 /* MainTabView.swift */ = {isa = PBXFileReference; lastKnownFileType = sourcecode.swift; path = MainTabView.swift; sourceTree = "<group>"; };
		A93164AE2AF64BDD86920B18 /* ProjectsView.swift */ = {isa = PBXFileReference; lastKnownFileType = sourcecode.swift; path = ProjectsView.swift; sourceTree = "<group>"; };
		ED80E23EB3B944018B525F55 /* ProjectDetailView.swift */ = {isa = PBXFileReference; lastKnownFileType = sourcecode.swift; path = ProjectDetailView.swift; sourceTree = "<group>"; };
		0D7DC3ED7933436FBB3B08AE /* FileBrowserView.swift */ = {isa = PBXFileReference; lastKnownFileType = sourcecode.swift; path = FileBrowserView.swift; sourceTree = "<group>"; };
		F47C1C40675A47D9A7714CC2 /* FileEditorView.swift */ = {isa = PBXFileReference; lastKnownFileType = sourcecode.swift; path = FileEditorView.swift; sourceTree = "<group>"; };
		C094F387B2494EBE98BD7E35 /* TerminalView.swift */ = {isa = PBXFileReference; lastKnownFileType = sourcecode.swift; path = TerminalView.swift; sourceTree = "<group>"; };
		BD97C45C48C54F35806C4290 /* DeployView.swift */ = {isa = PBXFileReference; lastKnownFileType = sourcecode.swift; path = DeployView.swift; sourceTree = "<group>"; };
		B546489649B74401AFB57047 /* ProjectSettingsView.swift */ = {isa = PBXFileReference; lastKnownFileType = sourcecode.swift; path = ProjectSettingsView.swift; sourceTree = "<group>"; };
		A5DDF048B37D44C8AD8B880E /* JobsView.swift */ = {isa = PBXFileReference; lastKnownFileType = sourcecode.swift; path = JobsView.swift; sourceTree = "<group>"; };
		47A6F299027247939431C276 /* GalleryView.swift */ = {isa = PBXFileReference; lastKnownFileType = sourcecode.swift; path = GalleryView.swift; sourceTree = "<group>"; };
		8B16731A138C412E8BC3CE3F /* AccountView.swift */ = {isa = PBXFileReference; lastKnownFileType = sourcecode.swift; path = AccountView.swift; sourceTree = "<group>"; };
		03B315AB51204653B5FAAFFA /* GitHubSignIn.swift */ = {isa = PBXFileReference; lastKnownFileType = sourcecode.swift; path = GitHubSignIn.swift; sourceTree = "<group>"; };
		9C2797DF0E1F47A280A86BE7 /* Assets.xcassets */ = {isa = PBXFileReference; lastKnownFileType = folder.assetcatalog; path = Assets.xcassets; sourceTree = "<group>"; };
		0F96A7C7FAED44CD89EF03D7 /* Preview Assets.xcassets */ = {isa = PBXFileReference; lastKnownFileType = folder.assetcatalog; path = "Preview Assets.xcassets"; sourceTree = "<group>"; };
		3688E197854C4742BE8A4971 /* Luisystemd.app */ = {isa = PBXFileReference; explicitFileType = wrapper.application; includeInIndex = 0; path = Luisystemd.app; sourceTree = BUILT_PRODUCTS_DIR; };
/* End PBXFileReference section */

/* Begin PBXFrameworksBuildPhase section */
		5419FDA977C14C4494FDBB87 /* Frameworks */ = {
			isa = PBXFrameworksBuildPhase;
			buildActionMask = 2147483647;
			files = (
			);
			runOnlyForDeploymentPostprocessing = 0;
		};
/* End PBXFrameworksBuildPhase section */

/* Begin PBXGroup section */
		CBE8856C22904998A313D2DC = {
			isa = PBXGroup;
			children = (
				C6187165EA8449C2A3D5DC08 /* Luisystemd */,
				8E87556B1A2B4DE2945DAB39 /* Products */,
			);
			sourceTree = "<group>";
		};
		8E87556B1A2B4DE2945DAB39 /* Products */ = {
			isa = PBXGroup;
			children = (
				3688E197854C4742BE8A4971 /* Luisystemd.app */,
			);
			name = Products;
			sourceTree = "<group>";
		};
		C6187165EA8449C2A3D5DC08 /* Luisystemd */ = {
			isa = PBXGroup;
			children = (A38585A9B0A64B2A89E5B4C9 /* LuisystemdApp.swift */, EA3C260D70594D82BFB57AB7 /* Models.swift */, 26F003102B304C63A83709A7 /* APIClient.swift */, 991567F58CC749BFB10AA09A /* SessionStore.swift */, BD34ED4CD9884A73847FF6C9 /* RootView.swift */, 9AD8AA8753C1480DA0D54119 /* LoginView.swift */, 63DB9CB1DADF4D04ADDB6865 /* MainTabView.swift */, A93164AE2AF64BDD86920B18 /* ProjectsView.swift */, ED80E23EB3B944018B525F55 /* ProjectDetailView.swift */, 0D7DC3ED7933436FBB3B08AE /* FileBrowserView.swift */, F47C1C40675A47D9A7714CC2 /* FileEditorView.swift */, C094F387B2494EBE98BD7E35 /* TerminalView.swift */, BD97C45C48C54F35806C4290 /* DeployView.swift */, B546489649B74401AFB57047 /* ProjectSettingsView.swift */, A5DDF048B37D44C8AD8B880E /* JobsView.swift */, 47A6F299027247939431C276 /* GalleryView.swift */, 8B16731A138C412E8BC3CE3F /* AccountView.swift */, 03B315AB51204653B5FAAFFA /* GitHubSignIn.swift */, B43835057E8D4D1FA7F87CCB /* Assets.xcassets */, 4C6E45BC5401408B83A63169 /* Preview Content */);
			path = Luisystemd;
			sourceTree = "<group>";
		};
		B43835057E8D4D1FA7F87CCB /* Assets.xcassets */ = {
			isa = PBXGroup;
			children = (
				9C2797DF0E1F47A280A86BE7 /* Assets.xcassets */,
			);
			name = Assets.xcassets;
			sourceTree = "<group>";
		};
		4C6E45BC5401408B83A63169 /* Preview Content */ = {
			isa = PBXGroup;
			children = (
				0F96A7C7FAED44CD89EF03D7 /* Preview Assets.xcassets */,
			);
			path = "Preview Content";
			sourceTree = "<group>";
		};
/* End PBXGroup section */

/* Begin PBXNativeTarget section */
		85D93C1362B04EF5954C8854 /* Luisystemd */ = {
			isa = PBXNativeTarget;
			buildConfigurationList = ED8654D7E43E4DE2AC2B5604 /* Build configuration list for PBXNativeTarget "Luisystemd" */;
			buildPhases = (
				85CEB99EBD1E414297EF9D1A /* Sources */,
				5419FDA977C14C4494FDBB87 /* Frameworks */,
				8D07A26EB7AD4507957E4219 /* Resources */,
			);
			buildRules = (
			);
			dependencies = (
			);
			name = Luisystemd;
			productName = Luisystemd;
			productReference = 3688E197854C4742BE8A4971 /* Luisystemd.app */;
			productType = "com.apple.product-type.application";
		};
/* End PBXNativeTarget section */

/* Begin PBXProject section */
		6BF4D1ABA2804F0F8445C489 /* Project object */ = {
			isa = PBXProject;
			attributes = {
				BuildIndependentTargetsInParallel = 1;
				LastSwiftUpdateCheck = 1620;
				LastUpgradeCheck = 1620;
				TargetAttributes = {
					85D93C1362B04EF5954C8854 = {
						CreatedOnToolsVersion = 16.2;
					};
				};
			};
			buildConfigurationList = FF463283FBB540DE974C5D8C /* Build configuration list for PBXProject "Luisystemd" */;
			compatibilityVersion = "Xcode 15.0";
			developmentRegion = en;
			hasScannedForEncodings = 0;
			knownRegions = (
				en,
				Base,
			);
			mainGroup = CBE8856C22904998A313D2DC;
			productRefGroup = 8E87556B1A2B4DE2945DAB39 /* Products */;
			projectDirPath = "";
			projectRoot = "";
			targets = (
				85D93C1362B04EF5954C8854 /* Luisystemd */,
			);
		};
/* End PBXProject section */

/* Begin PBXResourcesBuildPhase section */
		8D07A26EB7AD4507957E4219 /* Resources */ = {
			isa = PBXResourcesBuildPhase;
			buildActionMask = 2147483647;
			files = (
				A94FE5DE522043A298851521 /* Preview Assets.xcassets in Resources */,
				28D3C16B30274E8B9B458642 /* Assets.xcassets in Resources */,
			);
			runOnlyForDeploymentPostprocessing = 0;
		};
/* End PBXResourcesBuildPhase section */

/* Begin PBXSourcesBuildPhase section */
		85CEB99EBD1E414297EF9D1A /* Sources */ = {
			isa = PBXSourcesBuildPhase;
			buildActionMask = 2147483647;
			files = (
				9824BFD5A7C8464793D30083 /* LuisystemdApp.swift in Sources */,
				8F29FCF4C92A40988A07B903 /* Models.swift in Sources */,
				B712DCAE636A45AD9A133192 /* APIClient.swift in Sources */,
				D3F51E0A07814C3EB5384FA9 /* SessionStore.swift in Sources */,
				4D9CA4AAD81549A48AFC5A5F /* RootView.swift in Sources */,
				7AD7345F685C4B26865921E1 /* LoginView.swift in Sources */,
				8B3FBDA081214E379848BADE /* MainTabView.swift in Sources */,
				1FCC3C9CE2984E1CB94A8608 /* ProjectsView.swift in Sources */,
				EC208057EB114EB0B4271B7D /* ProjectDetailView.swift in Sources */,
				95F90B1B44844654BB475AF1 /* FileBrowserView.swift in Sources */,
				7CB10869C1E742F7850AC463 /* FileEditorView.swift in Sources */,
				A5636082D6E548C380709F7E /* TerminalView.swift in Sources */,
				BB334BB4AB864ED4B1B07383 /* DeployView.swift in Sources */,
				BCF0696773E94EA2AFE2C793 /* ProjectSettingsView.swift in Sources */,
				762B8AD249A84EE4BD214937 /* JobsView.swift in Sources */,
				D3B83718A44F4248A47123F6 /* GalleryView.swift in Sources */,
				528C990663404F9A97DE3456 /* AccountView.swift in Sources */,
				7881B5F5592C45C19E538B1F /* GitHubSignIn.swift in Sources */,
			);
			runOnlyForDeploymentPostprocessing = 0;
		};
/* End PBXSourcesBuildPhase section */

/* Begin XCBuildConfiguration section */
		CA0D25DEEC454FC99B4190C5 /* Debug */ = {
			isa = XCBuildConfiguration;
			buildSettings = {
				ALWAYS_SEARCH_USER_PATHS = NO;
				CLANG_ANALYZER_NONNULL = YES;
				CLANG_ANALYZER_NUMBER_OBJECT_CONVERSION = YES_AGGRESSIVE;
				CLANG_CXX_LANGUAGE_STANDARD = "gnu++20";
				CLANG_ENABLE_MODULES = YES;
				CLANG_ENABLE_OBJC_ARC = YES;
				CLANG_ENABLE_OBJC_WEAK = YES;
				CLANG_WARN_BLOCK_CAPTURE_AUTORELEASING = YES;
				CLANG_WARN_BOOL_CONVERSION = YES;
				CLANG_WARN_COMMA = YES;
				CLANG_WARN_CONSTANT_CONVERSION = YES;
				CLANG_WARN_DEPRECATED_OBJC_IMPLEMENTATIONS = YES;
				CLANG_WARN_DIRECT_OBJC_ISA_USAGE = YES_ERROR;
				CLANG_WARN_DOCUMENTATION_COMMENTS = YES;
				CLANG_WARN_EMPTY_BODY = YES;
				CLANG_WARN_ENUM_CONVERSION = YES;
				CLANG_WARN_INFINITE_RECURSION = YES;
				CLANG_WARN_INT_CONVERSION = YES;
				CLANG_WARN_NON_LITERAL_NULL_CONVERSION = YES;
				CLANG_WARN_OBJC_IMPLICIT_RETAIN_SELF = YES;
				CLANG_WARN_OBJC_LITERAL_CONVERSION = YES;
				CLANG_WARN_OBJC_ROOT_CLASS = YES_ERROR;
				CLANG_WARN_QUOTED_INCLUDE_IN_FRAMEWORK_HEADER = YES;
				CLANG_WARN_RANGE_LOOP_ANALYSIS = YES;
				CLANG_WARN_STRICT_PROTOTYPES = YES;
				CLANG_WARN_SUSPICIOUS_MOVE = YES;
				CLANG_WARN_UNGUARDED_AVAILABILITY = YES_AGGRESSIVE;
				CLANG_WARN_UNREACHABLE_CODE = YES;
				CLANG_WARN__DUPLICATE_METHOD_MATCH = YES;
				COPY_PHASE_STRIP = NO;
				DEBUG_INFORMATION_FORMAT = dwarf;
				ENABLE_STRICT_OBJC_MSGSEND = YES;
				ENABLE_TESTABILITY = YES;
				GCC_C_LANGUAGE_STANDARD = gnu17;
				GCC_DYNAMIC_NO_PIC = NO;
				GCC_NO_COMMON_BLOCKS = YES;
				GCC_OPTIMIZATION_LEVEL = 0;
				GCC_PREPROCESSOR_DEFINITIONS = (
					"DEBUG=1",
					"$(inherited)",
				);
				GCC_WARN_64_TO_32_BIT_CONVERSION = YES;
				GCC_WARN_ABOUT_RETURN_TYPE = YES_ERROR;
				GCC_WARN_UNDECLARED_SELECTOR = YES;
				GCC_WARN_UNINITIALIZED_AUTOS = YES_AGGRESSIVE;
				GCC_WARN_UNUSED_FUNCTION = YES;
				GCC_WARN_UNUSED_VARIABLE = YES;
				IPHONEOS_DEPLOYMENT_TARGET = 26.0;
				MTL_ENABLE_DEBUG_INFO = INCLUDE_SOURCE;
				MTL_FAST_MATH = YES;
				ONLY_ACTIVE_ARCH = YES;
				SDKROOT = iphoneos;
				SWIFT_ACTIVE_COMPILATION_CONDITIONS = "DEBUG $(inherited)";
				SWIFT_OPTIMIZATION_LEVEL = "-Onone";
				SWIFT_VERSION = 6.0;
			};
			name = Debug;
		};
		6F67A2FD716D49A2A5FA6745 /* Release */ = {
			isa = XCBuildConfiguration;
			buildSettings = {
				ALWAYS_SEARCH_USER_PATHS = NO;
				CLANG_ANALYZER_NONNULL = YES;
				CLANG_ANALYZER_NUMBER_OBJECT_CONVERSION = YES_AGGRESSIVE;
				CLANG_CXX_LANGUAGE_STANDARD = "gnu++20";
				CLANG_ENABLE_MODULES = YES;
				CLANG_ENABLE_OBJC_ARC = YES;
				CLANG_ENABLE_OBJC_WEAK = YES;
				CLANG_WARN_BLOCK_CAPTURE_AUTORELEASING = YES;
				CLANG_WARN_BOOL_CONVERSION = YES;
				CLANG_WARN_COMMA = YES;
				CLANG_WARN_CONSTANT_CONVERSION = YES;
				CLANG_WARN_DEPRECATED_OBJC_IMPLEMENTATIONS = YES;
				CLANG_WARN_DIRECT_OBJC_ISA_USAGE = YES_ERROR;
				CLANG_WARN_DOCUMENTATION_COMMENTS = YES;
				CLANG_WARN_EMPTY_BODY = YES;
				CLANG_WARN_ENUM_CONVERSION = YES;
				CLANG_WARN_INFINITE_RECURSION = YES;
				CLANG_WARN_INT_CONVERSION = YES;
				CLANG_WARN_NON_LITERAL_NULL_CONVERSION = YES;
				CLANG_WARN_OBJC_IMPLICIT_RETAIN_SELF = YES;
				CLANG_WARN_OBJC_LITERAL_CONVERSION = YES;
				CLANG_WARN_OBJC_ROOT_CLASS = YES_ERROR;
				CLANG_WARN_QUOTED_INCLUDE_IN_FRAMEWORK_HEADER = YES;
				CLANG_WARN_RANGE_LOOP_ANALYSIS = YES;
				CLANG_WARN_STRICT_PROTOTYPES = YES;
				CLANG_WARN_SUSPICIOUS_MOVE = YES;
				CLANG_WARN_UNGUARDED_AVAILABILITY = YES_AGGRESSIVE;
				CLANG_WARN_UNREACHABLE_CODE = YES;
				CLANG_WARN__DUPLICATE_METHOD_MATCH = YES;
				COPY_PHASE_STRIP = NO;
				DEBUG_INFORMATION_FORMAT = "dwarf-with-dsym";
				ENABLE_NS_ASSERTIONS = NO;
				ENABLE_STRICT_OBJC_MSGSEND = YES;
				GCC_C_LANGUAGE_STANDARD = gnu17;
				GCC_NO_COMMON_BLOCKS = YES;
				GCC_WARN_64_TO_32_BIT_CONVERSION = YES;
				GCC_WARN_ABOUT_RETURN_TYPE = YES_ERROR;
				GCC_WARN_UNDECLARED_SELECTOR = YES;
				GCC_WARN_UNINITIALIZED_AUTOS = YES_AGGRESSIVE;
				GCC_WARN_UNUSED_FUNCTION = YES;
				GCC_WARN_UNUSED_VARIABLE = YES;
				IPHONEOS_DEPLOYMENT_TARGET = 26.0;
				MTL_ENABLE_DEBUG_INFO = NO;
				MTL_FAST_MATH = YES;
				SDKROOT = iphoneos;
				SWIFT_COMPILATION_MODE = wholemodule;
				SWIFT_VERSION = 6.0;
				VALIDATE_PRODUCT = YES;
			};
			name = Release;
		};
		32D866CDFE0F430DB8634713 /* Debug */ = {
			isa = XCBuildConfiguration;
			buildSettings = {
				ASSETCATALOG_COMPILER_APPICON_NAME = AppIcon;
				ASSETCATALOG_COMPILER_GLOBAL_ACCENT_COLOR_NAME = AccentColor;
				CODE_SIGN_STYLE = Automatic;
				CURRENT_PROJECT_VERSION = 1;
				DEVELOPMENT_ASSET_PATHS = "\"Luisystemd/Preview Content\"";
				ENABLE_PREVIEWS = YES;
				INFOPLIST_FILE = Luisystemd/Info.plist;
				IPHONEOS_DEPLOYMENT_TARGET = 26.0;
				LD_RUNPATH_SEARCH_PATHS = (
					"$(inherited)",
					"@executable_path/Frameworks",
				);
				MARKETING_VERSION = 1.0;
				PRODUCT_BUNDLE_IDENTIFIER = "com.luishae.luismail";
				PRODUCT_NAME = "$(TARGET_NAME)";
				SWIFT_EMIT_LOC_STRINGS = YES;
				SWIFT_VERSION = 6.0;
				TARGETED_DEVICE_FAMILY = "1,2";
			};
			name = Debug;
		};
		E3F63D2D01944E678E3FFEC7 /* Release */ = {
			isa = XCBuildConfiguration;
			buildSettings = {
				ASSETCATALOG_COMPILER_APPICON_NAME = AppIcon;
				ASSETCATALOG_COMPILER_GLOBAL_ACCENT_COLOR_NAME = AccentColor;
				CODE_SIGN_STYLE = Automatic;
				CURRENT_PROJECT_VERSION = 1;
				DEVELOPMENT_ASSET_PATHS = "\"Luisystemd/Preview Content\"";
				ENABLE_PREVIEWS = YES;
				INFOPLIST_FILE = Luisystemd/Info.plist;
				IPHONEOS_DEPLOYMENT_TARGET = 26.0;
				LD_RUNPATH_SEARCH_PATHS = (
					"$(inherited)",
					"@executable_path/Frameworks",
				);
				MARKETING_VERSION = 1.0;
				PRODUCT_BUNDLE_IDENTIFIER = "com.luishae.luismail";
				PRODUCT_NAME = "$(TARGET_NAME)";
				SWIFT_EMIT_LOC_STRINGS = YES;
				SWIFT_VERSION = 6.0;
				TARGETED_DEVICE_FAMILY = "1,2";
			};
			name = Release;
		};
/* End XCBuildConfiguration section */

/* Begin XCConfigurationList section */
		FF463283FBB540DE974C5D8C /* Build configuration list for PBXProject "Luisystemd" */ = {
			isa = XCConfigurationList;
			buildConfigurations = (
				CA0D25DEEC454FC99B4190C5 /* Debug */,
				6F67A2FD716D49A2A5FA6745 /* Release */,
			);
			defaultConfigurationIsVisible = 0;
			defaultConfigurationName = Release;
		};
		ED8654D7E43E4DE2AC2B5604 /* Build configuration list for PBXNativeTarget "Luisystemd" */ = {
			isa = XCConfigurationList;
			buildConfigurations = (
				32D866CDFE0F430DB8634713 /* Debug */,
				E3F63D2D01944E678E3FFEC7 /* Release */,
			);
			defaultConfigurationIsVisible = 0;
			defaultConfigurationName = Release;
		};
/* End XCConfigurationList section */
	};
	rootObject = 6BF4D1ABA2804F0F8445C489 /* Project object */;
}
