// !$*UTF8*$!
{
	archiveVersion = 1;
	classes = {
	};
	objectVersion = 56;
	objects = {

/* Begin PBXBuildFile section */
		2B801DA46D9A47E0BCF2A5DB /* LuismailApp.swift in Sources */ = {isa = PBXBuildFile; fileRef = D09890C388CE4E13B4D720AF /* LuismailApp.swift */; };
		9B94C4DA37144CEEBF501093 /* Models.swift in Sources */ = {isa = PBXBuildFile; fileRef = 390101BB59A34F61857025DD /* Models.swift */; };
		2323EF9C716544E1BAAF9E59 /* APIClient.swift in Sources */ = {isa = PBXBuildFile; fileRef = 0AA185C3CF0347A1AA983C32 /* APIClient.swift */; };
		5C144AF7AF0240CABA65DC7C /* SessionStore.swift in Sources */ = {isa = PBXBuildFile; fileRef = CDA391A86F614852B04563BB /* SessionStore.swift */; };
		2AF43560F0FB415FB3AD76DF /* RootView.swift in Sources */ = {isa = PBXBuildFile; fileRef = 5E53247E28BE46B58C6D3FFA /* RootView.swift */; };
		6A56D61C32014C98A06B8828 /* LoginView.swift in Sources */ = {isa = PBXBuildFile; fileRef = 302A7257DBD3405F84918049 /* LoginView.swift */; };
		E9BFE07DDE0542858C6D1C9D /* MainTabView.swift in Sources */ = {isa = PBXBuildFile; fileRef = 74E7301328C94313B47F0E34 /* MainTabView.swift */; };
		0A24E906BD13436A93E95968 /* InboxView.swift in Sources */ = {isa = PBXBuildFile; fileRef = C6121891769D4504A48208BC /* InboxView.swift */; };
		FE655FFABD534B29B180D1D1 /* MessageDetailView.swift in Sources */ = {isa = PBXBuildFile; fileRef = 8E2D9A34388A48118FA49AE4 /* MessageDetailView.swift */; };
		BB90654395F44DBE8A27E492 /* ComposeView.swift in Sources */ = {isa = PBXBuildFile; fileRef = 97A709B03C1748439BA75AF8 /* ComposeView.swift */; };
		35AC6FFAF9344FDFB3EE0D75 /* SettingsView.swift in Sources */ = {isa = PBXBuildFile; fileRef = B6D0EF48238340869F4CA2A7 /* SettingsView.swift */; };
		1B8B7703685E4F519D36EB20 /* InfoView.swift in Sources */ = {isa = PBXBuildFile; fileRef = 3E7F079F604F456F9807576B /* InfoView.swift */; };
		2156AB9AC6F8408296A8701A /* SpamView.swift in Sources */ = {isa = PBXBuildFile; fileRef = 4B72CA261E5B43B2803C18D6 /* SpamView.swift */; };
		FA421526F20F466DA8ABCDF8 /* NotificationManager.swift in Sources */ = {isa = PBXBuildFile; fileRef = 1446597C6FC146BC984A7C48 /* NotificationManager.swift */; };
		2326D12D16DC45F7A047A2BE /* LuismailIntents.swift in Sources */ = {isa = PBXBuildFile; fileRef = 3DECE64EAA584BCBAC1B693A /* LuismailIntents.swift */; };
		30A3567A92BC4CD2A21A8912 /* LoopingVideoView.swift in Sources */ = {isa = PBXBuildFile; fileRef = 31306A67D73C46F2A6D9F37C /* LoopingVideoView.swift */; };
		B3BCB42EA61C4E369FAF5B59 /* Assets.xcassets in Resources */ = {isa = PBXBuildFile; fileRef = B7968AE4974D4BB6898E6564 /* Assets.xcassets */; };
		30B2B55D4B27490DB0E0FDC9 /* Preview Assets.xcassets in Resources */ = {isa = PBXBuildFile; fileRef = 417CB36DE8EF477FA87066EF /* Preview Assets.xcassets */; };
		CCC575EC1F8D422DB7BF1338 /* LuismailWidget.swift in Sources */ = {isa = PBXBuildFile; fileRef = 6065DB3D654341B18C79AC6E /* LuismailWidget.swift */; };
		852BE429AA9E431481A484CF /* LuismailWidgetExtension.appex in Embed Foundation Extensions */ = {isa = PBXBuildFile; fileRef = 3A5A40C7ED024707B56261D1 /* LuismailWidgetExtension.appex */; settings = {ATTRIBUTES = (RemoveHeadersOnCopy, ); }; };
/* End PBXBuildFile section */

/* Begin PBXFileReference section */
		D09890C388CE4E13B4D720AF /* LuismailApp.swift */ = {isa = PBXFileReference; lastKnownFileType = sourcecode.swift; path = LuismailApp.swift; sourceTree = "<group>"; };
		390101BB59A34F61857025DD /* Models.swift */ = {isa = PBXFileReference; lastKnownFileType = sourcecode.swift; path = Models.swift; sourceTree = "<group>"; };
		0AA185C3CF0347A1AA983C32 /* APIClient.swift */ = {isa = PBXFileReference; lastKnownFileType = sourcecode.swift; path = APIClient.swift; sourceTree = "<group>"; };
		CDA391A86F614852B04563BB /* SessionStore.swift */ = {isa = PBXFileReference; lastKnownFileType = sourcecode.swift; path = SessionStore.swift; sourceTree = "<group>"; };
		5E53247E28BE46B58C6D3FFA /* RootView.swift */ = {isa = PBXFileReference; lastKnownFileType = sourcecode.swift; path = RootView.swift; sourceTree = "<group>"; };
		302A7257DBD3405F84918049 /* LoginView.swift */ = {isa = PBXFileReference; lastKnownFileType = sourcecode.swift; path = LoginView.swift; sourceTree = "<group>"; };
		74E7301328C94313B47F0E34 /* MainTabView.swift */ = {isa = PBXFileReference; lastKnownFileType = sourcecode.swift; path = MainTabView.swift; sourceTree = "<group>"; };
		C6121891769D4504A48208BC /* InboxView.swift */ = {isa = PBXFileReference; lastKnownFileType = sourcecode.swift; path = InboxView.swift; sourceTree = "<group>"; };
		8E2D9A34388A48118FA49AE4 /* MessageDetailView.swift */ = {isa = PBXFileReference; lastKnownFileType = sourcecode.swift; path = MessageDetailView.swift; sourceTree = "<group>"; };
		97A709B03C1748439BA75AF8 /* ComposeView.swift */ = {isa = PBXFileReference; lastKnownFileType = sourcecode.swift; path = ComposeView.swift; sourceTree = "<group>"; };
		B6D0EF48238340869F4CA2A7 /* SettingsView.swift */ = {isa = PBXFileReference; lastKnownFileType = sourcecode.swift; path = SettingsView.swift; sourceTree = "<group>"; };
		3E7F079F604F456F9807576B /* InfoView.swift */ = {isa = PBXFileReference; lastKnownFileType = sourcecode.swift; path = InfoView.swift; sourceTree = "<group>"; };
		4B72CA261E5B43B2803C18D6 /* SpamView.swift */ = {isa = PBXFileReference; lastKnownFileType = sourcecode.swift; path = SpamView.swift; sourceTree = "<group>"; };
		1446597C6FC146BC984A7C48 /* NotificationManager.swift */ = {isa = PBXFileReference; lastKnownFileType = sourcecode.swift; path = NotificationManager.swift; sourceTree = "<group>"; };
		3DECE64EAA584BCBAC1B693A /* LuismailIntents.swift */ = {isa = PBXFileReference; lastKnownFileType = sourcecode.swift; path = LuismailIntents.swift; sourceTree = "<group>"; };
		31306A67D73C46F2A6D9F37C /* LoopingVideoView.swift */ = {isa = PBXFileReference; lastKnownFileType = sourcecode.swift; path = LoopingVideoView.swift; sourceTree = "<group>"; };
		B7968AE4974D4BB6898E6564 /* Assets.xcassets */ = {isa = PBXFileReference; lastKnownFileType = folder.assetcatalog; path = Assets.xcassets; sourceTree = "<group>"; };
		417CB36DE8EF477FA87066EF /* Preview Assets.xcassets */ = {isa = PBXFileReference; lastKnownFileType = folder.assetcatalog; path = "Preview Assets.xcassets"; sourceTree = "<group>"; };
		B00B55C218514C34AAB517E8 /* Luismail.entitlements */ = {isa = PBXFileReference; lastKnownFileType = text.plist.entitlements; path = Luismail.entitlements; sourceTree = "<group>"; };
		DE8FAF1A9B3548B595E9B112 /* Luismail.app */ = {isa = PBXFileReference; explicitFileType = wrapper.application; includeInIndex = 0; path = Luismail.app; sourceTree = BUILT_PRODUCTS_DIR; };
		6065DB3D654341B18C79AC6E /* LuismailWidget.swift */ = {isa = PBXFileReference; lastKnownFileType = sourcecode.swift; path = LuismailWidget.swift; sourceTree = "<group>"; };
		3DD16F59843F471CAA25FFFB /* Info.plist */ = {isa = PBXFileReference; lastKnownFileType = text.plist.xml; path = Info.plist; sourceTree = "<group>"; };
		EB0D48F7B2584DC58EEDE1E5 /* LuismailWidgetExtension.entitlements */ = {isa = PBXFileReference; lastKnownFileType = text.plist.entitlements; path = LuismailWidgetExtension.entitlements; sourceTree = "<group>"; };
		3A5A40C7ED024707B56261D1 /* LuismailWidgetExtension.appex */ = {isa = PBXFileReference; explicitFileType = "wrapper.app-extension"; includeInIndex = 0; path = LuismailWidgetExtension.appex; sourceTree = BUILT_PRODUCTS_DIR; };
/* End PBXFileReference section */

/* Begin PBXContainerItemProxy section */
		67D7B158926C4BBCAB4AD5F2 /* PBXContainerItemProxy */ = {
			isa = PBXContainerItemProxy;
			containerPortal = 7EDEDC737CA942C8B551910E /* Project object */;
			proxyType = 1;
			remoteGlobalIDString = 43F995D5DDD24C62908F72EC;
			remoteInfo = LuismailWidgetExtension;
		};
/* End PBXContainerItemProxy section */

/* Begin PBXCopyFilesBuildPhase section */
		127A83A62C944414A241D3F3 /* Embed Foundation Extensions */ = {
			isa = PBXCopyFilesBuildPhase;
			buildActionMask = 2147483647;
			dstPath = "";
			dstSubfolderSpec = 13;
			files = (
				852BE429AA9E431481A484CF /* LuismailWidgetExtension.appex in Embed Foundation Extensions */,
			);
			name = "Embed Foundation Extensions";
			runOnlyForDeploymentPostprocessing = 0;
		};
/* End PBXCopyFilesBuildPhase section */

/* Begin PBXFrameworksBuildPhase section */
		18FAF2CBB4114BD6B908137E /* Frameworks */ = {
			isa = PBXFrameworksBuildPhase;
			buildActionMask = 2147483647;
			files = (
			);
			runOnlyForDeploymentPostprocessing = 0;
		};
		6C3FD527B03446CFB68EBC3F /* Frameworks */ = {
			isa = PBXFrameworksBuildPhase;
			buildActionMask = 2147483647;
			files = (
			);
			runOnlyForDeploymentPostprocessing = 0;
		};
/* End PBXFrameworksBuildPhase section */

/* Begin PBXGroup section */
		58116FC206F74E499CE60540 = {
			isa = PBXGroup;
			children = (
				6A1A0D0E3E2C4F07B3E06063 /* Luismail */,
				861D964683544E21AAF4C707 /* LuismailWidget */,
				8F754CF576B3447D8D44EA1F /* Products */,
			);
			sourceTree = "<group>";
		};
		8F754CF576B3447D8D44EA1F /* Products */ = {
			isa = PBXGroup;
			children = (
				DE8FAF1A9B3548B595E9B112 /* Luismail.app */,
				3A5A40C7ED024707B56261D1 /* LuismailWidgetExtension.appex */,
			);
			name = Products;
			sourceTree = "<group>";
		};
		6A1A0D0E3E2C4F07B3E06063 /* Luismail */ = {
			isa = PBXGroup;
			children = (D09890C388CE4E13B4D720AF /* LuismailApp.swift */, 390101BB59A34F61857025DD /* Models.swift */, 0AA185C3CF0347A1AA983C32 /* APIClient.swift */, CDA391A86F614852B04563BB /* SessionStore.swift */, 5E53247E28BE46B58C6D3FFA /* RootView.swift */, 302A7257DBD3405F84918049 /* LoginView.swift */, 74E7301328C94313B47F0E34 /* MainTabView.swift */, C6121891769D4504A48208BC /* InboxView.swift */, 8E2D9A34388A48118FA49AE4 /* MessageDetailView.swift */, 97A709B03C1748439BA75AF8 /* ComposeView.swift */, B6D0EF48238340869F4CA2A7 /* SettingsView.swift */, 3E7F079F604F456F9807576B /* InfoView.swift */, 4B72CA261E5B43B2803C18D6 /* SpamView.swift */, 1446597C6FC146BC984A7C48 /* NotificationManager.swift */, 3DECE64EAA584BCBAC1B693A /* LuismailIntents.swift */, 31306A67D73C46F2A6D9F37C /* LoopingVideoView.swift */, E441705D23454D6D8B97E817 /* Assets.xcassets */, 948F55E76F264FEFA2B0C350 /* Preview Content */, B00B55C218514C34AAB517E8 /* Luismail.entitlements */);
			path = Luismail;
			sourceTree = "<group>";
		};
		861D964683544E21AAF4C707 /* LuismailWidget */ = {
			isa = PBXGroup;
			children = (6065DB3D654341B18C79AC6E /* LuismailWidget.swift */, 3DD16F59843F471CAA25FFFB /* Info.plist */, EB0D48F7B2584DC58EEDE1E5 /* LuismailWidgetExtension.entitlements */);
			path = LuismailWidget;
			sourceTree = "<group>";
		};
		E441705D23454D6D8B97E817 /* Assets.xcassets */ = {
			isa = PBXGroup;
			children = (
				B7968AE4974D4BB6898E6564 /* Assets.xcassets */,
			);
			name = Assets.xcassets;
			sourceTree = "<group>";
		};
		948F55E76F264FEFA2B0C350 /* Preview Content */ = {
			isa = PBXGroup;
			children = (
				417CB36DE8EF477FA87066EF /* Preview Assets.xcassets */,
			);
			path = "Preview Content";
			sourceTree = "<group>";
		};
/* End PBXGroup section */

/* Begin PBXNativeTarget section */
		8B9AA8F2B698496DAF24E189 /* Luismail */ = {
			isa = PBXNativeTarget;
			buildConfigurationList = DD731FDBD4C748EE89AD38B0 /* Build configuration list for PBXNativeTarget "Luismail" */;
			buildPhases = (
				F873311EC2314AAF812C7FF7 /* Sources */,
				18FAF2CBB4114BD6B908137E /* Frameworks */,
				BC6E10A8D74541DB97E4E976 /* Resources */,
				127A83A62C944414A241D3F3 /* Embed Foundation Extensions */,
			);
			buildRules = (
			);
			dependencies = (
				A154362E37744FCB8A3FCB14 /* PBXTargetDependency */,
			);
			name = Luismail;
			productName = Luismail;
			productReference = DE8FAF1A9B3548B595E9B112 /* Luismail.app */;
			productType = "com.apple.product-type.application";
		};
		43F995D5DDD24C62908F72EC /* LuismailWidgetExtension */ = {
			isa = PBXNativeTarget;
			buildConfigurationList = 1DCA38D2CF3444CA9C33AA30 /* Build configuration list for PBXNativeTarget "LuismailWidgetExtension" */;
			buildPhases = (
				4CE9FCEF753145F7A24C8DA3 /* Sources */,
				6C3FD527B03446CFB68EBC3F /* Frameworks */,
				1085EA96EA0140E6AC1D5C3C /* Resources */,
			);
			buildRules = (
			);
			dependencies = (
			);
			name = LuismailWidgetExtension;
			productName = LuismailWidgetExtension;
			productReference = 3A5A40C7ED024707B56261D1 /* LuismailWidgetExtension.appex */;
			productType = "com.apple.product-type.app-extension";
		};
/* End PBXNativeTarget section */

/* Begin PBXProject section */
		7EDEDC737CA942C8B551910E /* Project object */ = {
			isa = PBXProject;
			attributes = {
				BuildIndependentTargetsInParallel = 1;
				LastSwiftUpdateCheck = 1620;
				LastUpgradeCheck = 1620;
				TargetAttributes = {
					8B9AA8F2B698496DAF24E189 = {
						CreatedOnToolsVersion = 16.2;
					};
					43F995D5DDD24C62908F72EC = {
						CreatedOnToolsVersion = 16.2;
					};
				};
			};
			buildConfigurationList = 63B4B3E800CE4B7D8345EB3A /* Build configuration list for PBXProject "Luismail" */;
			compatibilityVersion = "Xcode 15.0";
			developmentRegion = en;
			hasScannedForEncodings = 0;
			knownRegions = (
				en,
				Base,
			);
			mainGroup = 58116FC206F74E499CE60540;
			productRefGroup = 8F754CF576B3447D8D44EA1F /* Products */;
			projectDirPath = "";
			projectRoot = "";
			targets = (
				8B9AA8F2B698496DAF24E189 /* Luismail */,
				43F995D5DDD24C62908F72EC /* LuismailWidgetExtension */,
			);
		};
/* End PBXProject section */

/* Begin PBXResourcesBuildPhase section */
		BC6E10A8D74541DB97E4E976 /* Resources */ = {
			isa = PBXResourcesBuildPhase;
			buildActionMask = 2147483647;
			files = (
				30B2B55D4B27490DB0E0FDC9 /* Preview Assets.xcassets in Resources */,
				B3BCB42EA61C4E369FAF5B59 /* Assets.xcassets in Resources */,
			);
			runOnlyForDeploymentPostprocessing = 0;
		};
		1085EA96EA0140E6AC1D5C3C /* Resources */ = {
			isa = PBXResourcesBuildPhase;
			buildActionMask = 2147483647;
			files = (
			);
			runOnlyForDeploymentPostprocessing = 0;
		};
/* End PBXResourcesBuildPhase section */

/* Begin PBXSourcesBuildPhase section */
		F873311EC2314AAF812C7FF7 /* Sources */ = {
			isa = PBXSourcesBuildPhase;
			buildActionMask = 2147483647;
			files = (
				2B801DA46D9A47E0BCF2A5DB /* LuismailApp.swift in Sources */,
				9B94C4DA37144CEEBF501093 /* Models.swift in Sources */,
				2323EF9C716544E1BAAF9E59 /* APIClient.swift in Sources */,
				5C144AF7AF0240CABA65DC7C /* SessionStore.swift in Sources */,
				2AF43560F0FB415FB3AD76DF /* RootView.swift in Sources */,
				6A56D61C32014C98A06B8828 /* LoginView.swift in Sources */,
				E9BFE07DDE0542858C6D1C9D /* MainTabView.swift in Sources */,
				0A24E906BD13436A93E95968 /* InboxView.swift in Sources */,
				FE655FFABD534B29B180D1D1 /* MessageDetailView.swift in Sources */,
				BB90654395F44DBE8A27E492 /* ComposeView.swift in Sources */,
				35AC6FFAF9344FDFB3EE0D75 /* SettingsView.swift in Sources */,
				1B8B7703685E4F519D36EB20 /* InfoView.swift in Sources */,
				2156AB9AC6F8408296A8701A /* SpamView.swift in Sources */,
				FA421526F20F466DA8ABCDF8 /* NotificationManager.swift in Sources */,
				2326D12D16DC45F7A047A2BE /* LuismailIntents.swift in Sources */,
				30A3567A92BC4CD2A21A8912 /* LoopingVideoView.swift in Sources */,
			);
			runOnlyForDeploymentPostprocessing = 0;
		};
		4CE9FCEF753145F7A24C8DA3 /* Sources */ = {
			isa = PBXSourcesBuildPhase;
			buildActionMask = 2147483647;
			files = (
				CCC575EC1F8D422DB7BF1338 /* LuismailWidget.swift in Sources */,
			);
			runOnlyForDeploymentPostprocessing = 0;
		};
/* End PBXSourcesBuildPhase section */

/* Begin PBXTargetDependency section */
		A154362E37744FCB8A3FCB14 /* PBXTargetDependency */ = {
			isa = PBXTargetDependency;
			target = 43F995D5DDD24C62908F72EC /* LuismailWidgetExtension */;
			targetProxy = 67D7B158926C4BBCAB4AD5F2 /* PBXContainerItemProxy */;
		};
/* End PBXTargetDependency section */

/* Begin XCBuildConfiguration section */
		85789EA6AD624831AF8E1F8A /* Debug */ = {
			isa = XCBuildConfiguration;
			buildSettings = {
				ALWAYS_SEARCH_USER_PATHS = NO;
				CLANG_ENABLE_MODULES = YES;
				CLANG_ENABLE_OBJC_ARC = YES;
				COPY_PHASE_STRIP = NO;
				DEBUG_INFORMATION_FORMAT = dwarf;
				ENABLE_TESTABILITY = YES;
				GCC_C_LANGUAGE_STANDARD = gnu17;
				GCC_OPTIMIZATION_LEVEL = 0;
				GCC_PREPROCESSOR_DEFINITIONS = (
					"DEBUG=1",
					"$(inherited)",
				);
				IPHONEOS_DEPLOYMENT_TARGET = 26.0;
				MTL_ENABLE_DEBUG_INFO = INCLUDE_SOURCE;
				ONLY_ACTIVE_ARCH = YES;
				SDKROOT = iphoneos;
				SWIFT_ACTIVE_COMPILATION_CONDITIONS = "DEBUG $(inherited)";
				SWIFT_OPTIMIZATION_LEVEL = "-Onone";
				SWIFT_VERSION = 6.0;
			};
			name = Debug;
		};
		4527B542EAE9405C8A92E4F4 /* Release */ = {
			isa = XCBuildConfiguration;
			buildSettings = {
				ALWAYS_SEARCH_USER_PATHS = NO;
				CLANG_ENABLE_MODULES = YES;
				CLANG_ENABLE_OBJC_ARC = YES;
				COPY_PHASE_STRIP = NO;
				DEBUG_INFORMATION_FORMAT = "dwarf-with-dsym";
				ENABLE_NS_ASSERTIONS = NO;
				GCC_C_LANGUAGE_STANDARD = gnu17;
				IPHONEOS_DEPLOYMENT_TARGET = 26.0;
				MTL_ENABLE_DEBUG_INFO = NO;
				SDKROOT = iphoneos;
				SWIFT_COMPILATION_MODE = wholemodule;
				SWIFT_VERSION = 6.0;
				VALIDATE_PRODUCT = YES;
			};
			name = Release;
		};
		4CA172C80F784755AB68D430 /* Debug */ = {
			isa = XCBuildConfiguration;
			buildSettings = {
				ASSETCATALOG_COMPILER_APPICON_NAME = AppIcon;
				ASSETCATALOG_COMPILER_GLOBAL_ACCENT_COLOR_NAME = AccentColor;
				CODE_SIGN_ENTITLEMENTS = Luismail/Luismail.entitlements;
				CODE_SIGN_STYLE = Automatic;
				CURRENT_PROJECT_VERSION = 1;
				DEVELOPMENT_ASSET_PATHS = "\"Luismail/Preview Content\"";
				ENABLE_PREVIEWS = YES;
				GENERATE_INFOPLIST_FILE = YES;
				INFOPLIST_KEY_UIApplicationSceneManifest_Generation = YES;
				INFOPLIST_KEY_UIApplicationSupportsIndirectInputEvents = YES;
				INFOPLIST_KEY_UILaunchScreen_Generation = YES;
				INFOPLIST_KEY_UIStatusBarStyle = UIStatusBarStyleDefault;
				INFOPLIST_KEY_UISupportedInterfaceOrientations_iPhone = "UIInterfaceOrientationPortrait UIInterfaceOrientationLandscapeLeft UIInterfaceOrientationLandscapeRight";
				INFOPLIST_KEY_UISupportedInterfaceOrientations_iPad = "UIInterfaceOrientationPortrait UIInterfaceOrientationPortraitUpsideDown UIInterfaceOrientationLandscapeLeft UIInterfaceOrientationLandscapeRight";
				INFOPLIST_KEY_CFBundleDisplayName = Luismail;
				IPHONEOS_DEPLOYMENT_TARGET = 26.0;
				LD_RUNPATH_SEARCH_PATHS = (
					"$(inherited)",
					"@executable_path/Frameworks",
				);
				MARKETING_VERSION = 1.0;
				PRODUCT_BUNDLE_IDENTIFIER = "com.luishae.luismail";
				PRODUCT_NAME = "$(TARGET_NAME)";
				SWIFT_EMIT_LOC_STRINGS = YES;
				SWIFT_VERSION = 6.0;
				TARGETED_DEVICE_FAMILY = "1,2";
			};
			name = Debug;
		};
		64514D49DF8943938D7E79AC /* Release */ = {
			isa = XCBuildConfiguration;
			buildSettings = {
				ASSETCATALOG_COMPILER_APPICON_NAME = AppIcon;
				ASSETCATALOG_COMPILER_GLOBAL_ACCENT_COLOR_NAME = AccentColor;
				CODE_SIGN_ENTITLEMENTS = Luismail/Luismail.entitlements;
				CODE_SIGN_STYLE = Automatic;
				CURRENT_PROJECT_VERSION = 1;
				DEVELOPMENT_ASSET_PATHS = "\"Luismail/Preview Content\"";
				ENABLE_PREVIEWS = YES;
				GENERATE_INFOPLIST_FILE = YES;
				INFOPLIST_KEY_UIApplicationSceneManifest_Generation = YES;
				INFOPLIST_KEY_UIApplicationSupportsIndirectInputEvents = YES;
				INFOPLIST_KEY_UILaunchScreen_Generation = YES;
				INFOPLIST_KEY_UIStatusBarStyle = UIStatusBarStyleDefault;
				INFOPLIST_KEY_UISupportedInterfaceOrientations_iPhone = "UIInterfaceOrientationPortrait UIInterfaceOrientationLandscapeLeft UIInterfaceOrientationLandscapeRight";
				INFOPLIST_KEY_UISupportedInterfaceOrientations_iPad = "UIInterfaceOrientationPortrait UIInterfaceOrientationPortraitUpsideDown UIInterfaceOrientationLandscapeLeft UIInterfaceOrientationLandscapeRight";
				INFOPLIST_KEY_CFBundleDisplayName = Luismail;
				IPHONEOS_DEPLOYMENT_TARGET = 26.0;
				LD_RUNPATH_SEARCH_PATHS = (
					"$(inherited)",
					"@executable_path/Frameworks",
				);
				MARKETING_VERSION = 1.0;
				PRODUCT_BUNDLE_IDENTIFIER = "com.luishae.luismail";
				PRODUCT_NAME = "$(TARGET_NAME)";
				SWIFT_EMIT_LOC_STRINGS = YES;
				SWIFT_VERSION = 6.0;
				TARGETED_DEVICE_FAMILY = "1,2";
			};
			name = Release;
		};
		81788831664B490C9E9B13B8 /* Debug */ = {
			isa = XCBuildConfiguration;
			buildSettings = {
				CODE_SIGN_ENTITLEMENTS = LuismailWidget/LuismailWidgetExtension.entitlements;
				CODE_SIGN_STYLE = Automatic;
				CURRENT_PROJECT_VERSION = 1;
				INFOPLIST_FILE = LuismailWidget/Info.plist;
				IPHONEOS_DEPLOYMENT_TARGET = 26.0;
				LD_RUNPATH_SEARCH_PATHS = (
					"$(inherited)",
					"@executable_path/Frameworks",
					"@executable_path/../../Frameworks",
				);
				MARKETING_VERSION = 1.0;
				PRODUCT_BUNDLE_IDENTIFIER = "com.luishae.luismail.LuismailWidget";
				PRODUCT_NAME = "$(TARGET_NAME)";
				SKIP_INSTALL = YES;
				SWIFT_EMIT_LOC_STRINGS = YES;
				SWIFT_VERSION = 6.0;
				TARGETED_DEVICE_FAMILY = "1,2";
			};
			name = Debug;
		};
		FF1ED437FAF84E6ABE632799 /* Release */ = {
			isa = XCBuildConfiguration;
			buildSettings = {
				CODE_SIGN_ENTITLEMENTS = LuismailWidget/LuismailWidgetExtension.entitlements;
				CODE_SIGN_STYLE = Automatic;
				CURRENT_PROJECT_VERSION = 1;
				INFOPLIST_FILE = LuismailWidget/Info.plist;
				IPHONEOS_DEPLOYMENT_TARGET = 26.0;
				LD_RUNPATH_SEARCH_PATHS = (
					"$(inherited)",
					"@executable_path/Frameworks",
					"@executable_path/../../Frameworks",
				);
				MARKETING_VERSION = 1.0;
				PRODUCT_BUNDLE_IDENTIFIER = "com.luishae.luismail.LuismailWidget";
				PRODUCT_NAME = "$(TARGET_NAME)";
				SKIP_INSTALL = YES;
				SWIFT_EMIT_LOC_STRINGS = YES;
				SWIFT_VERSION = 6.0;
				TARGETED_DEVICE_FAMILY = "1,2";
			};
			name = Release;
		};
/* End XCBuildConfiguration section */

/* Begin XCConfigurationList section */
		63B4B3E800CE4B7D8345EB3A /* Build configuration list for PBXProject "Luismail" */ = {
			isa = XCConfigurationList;
			buildConfigurations = (
				85789EA6AD624831AF8E1F8A /* Debug */,
				4527B542EAE9405C8A92E4F4 /* Release */,
			);
			defaultConfigurationIsVisible = 0;
			defaultConfigurationName = Release;
		};
		DD731FDBD4C748EE89AD38B0 /* Build configuration list for PBXNativeTarget "Luismail" */ = {
			isa = XCConfigurationList;
			buildConfigurations = (
				4CA172C80F784755AB68D430 /* Debug */,
				64514D49DF8943938D7E79AC /* Release */,
			);
			defaultConfigurationIsVisible = 0;
			defaultConfigurationName = Release;
		};
		1DCA38D2CF3444CA9C33AA30 /* Build configuration list for PBXNativeTarget "LuismailWidgetExtension" */ = {
			isa = XCConfigurationList;
			buildConfigurations = (
				81788831664B490C9E9B13B8 /* Debug */,
				FF1ED437FAF84E6ABE632799 /* Release */,
			);
			defaultConfigurationIsVisible = 0;
			defaultConfigurationName = Release;
		};
/* End XCConfigurationList section */
	};
	rootObject = 7EDEDC737CA942C8B551910E /* Project object */;
}
